// !$*UTF8*$!
{
	archiveVersion = 1;
	classes = {
	};
	objectVersion = 56;
	objects = {

/* Begin PBXBuildFile section */
		0F1001F22B6CA47E0050906E /* iOS_App_Dev_KeemeApp.swift in Sources */ = {isa = PBXBuildFile; fileRef = 0F1001F12B6CA47E0050906E /* iOS_App_Dev_KeemeApp.swift */; };
		0F1001F42B6CA47E0050906E /* ContentView.swift in Sources */ = {isa = PBXBuildFile; fileRef = 0F1001F32B6CA47E0050906E /* ContentView.swift */; };
		0F1001F62B6CA47F0050906E /* Assets.xcassets in Resources */ = {isa = PBXBuildFile; fileRef = 0F1001F52B6CA47F0050906E /* Assets.xcassets */; };
		0F1001F92B6CA47F0050906E /* Preview Assets.xcassets in Resources */ = {isa = PBXBuildFile; fileRef = 0F1001F82B6CA47F0050906E /* Preview Assets.xcassets */; };
		0F10020D2B6CA7380050906E /* MainTabView.swift in Sources */ = {isa = PBXBuildFile; fileRef = 0F10020C2B6CA7380050906E /* MainTabView.swift */; };
		0F10020F2B6CA76B0050906E /* FavouritesView.swift in Sources */ = {isa = PBXBuildFile; fileRef = 0F10020E2B6CA76B0050906E /* FavouritesView.swift */; };
		0F1002112B6CA7980050906E /* FavouritesHeading.swift in Sources */ = {isa = PBXBuildFile; fileRef = 0F1002102B6CA7980050906E /* FavouritesHeading.swift */; };
		0F1002132B6CA8310050906E /* ArrangeSchedule.swift in Sources */ = {isa = PBXBuildFile; fileRef = 0F1002122B6CA8310050906E /* ArrangeSchedule.swift */; };
		0F1002152B6CA84B0050906E /* ScheduleHeading.swift in Sources */ = {isa = PBXBuildFile; fileRef = 0F1002142B6CA84B0050906E /* ScheduleHeading.swift */; };
		0F1002172B6CA8580050906E /* ScheduleView.swift in Sources */ = {isa = PBXBuildFile; fileRef = 0F1002162B6CA8580050906E /* ScheduleView.swift */; };
		0F1002192B6CA8930050906E /* SettingsView.swift in Sources */ = {isa = PBXBuildFile; fileRef = 0F1002182B6CA8930050906E /* SettingsView.swift */; };
		0F10021B2B6CA8A50050906E /* UserProfile.swift in Sources */ = {isa = PBXBuildFile; fileRef = 0F10021A2B6CA8A50050906E /* UserProfile.swift */; };
		0F10021D2B6CA8BB0050906E /* HomeView.swift in Sources */ = {isa = PBXBuildFile; fileRef = 0F10021C2B6CA8BB0050906E /* HomeView.swift */; };
		0F10021F2B6CA8C30050906E /* IntroView.swift in Sources */ = {isa = PBXBuildFile; fileRef = 0F10021E2B6CA8C30050906E /* IntroView.swift */; };
		0F1002212B6CA8CC0050906E /* Listings.swift in Sources */ = {isa = PBXBuildFile; fileRef = 0F1002202B6CA8CC0050906E /* Listings.swift */; };
		0F1002232B6CA8D20050906E /* PieChartView.swift in Sources */ = {isa = PBXBuildFile; fileRef = 0F1002222B6CA8D20050906E /* PieChartView.swift */; };
		0F1002252B6CA8DA0050906E /* BuddyView.swift in Sources */ = {isa = PBXBuildFile; fileRef = 0F1002242B6CA8DA0050906E /* BuddyView.swift */; };
		0F1002272B6CA8E20050906E /* HomeScheduleBar.swift in Sources */ = {isa = PBXBuildFile; fileRef = 0F1002262B6CA8E20050906E /* HomeScheduleBar.swift */; };
		0F1002292B6CA8E90050906E /* PieData.swift in Sources */ = {isa = PBXBuildFile; fileRef = 0F1002282B6CA8E90050906E /* PieData.swift */; };
		0F10022B2B6CA8F70050906E /* Listing.swift in Sources */ = {isa = PBXBuildFile; fileRef = 0F10022A2B6CA8F70050906E /* Listing.swift */; };
		0F10022D2B6CA9300050906E /* CustomCorners.swift in Sources */ = {isa = PBXBuildFile; fileRef = 0F10022C2B6CA9300050906E /* CustomCorners.swift */; };
		0F10022F2B6CA9400050906E /* LoginPage1.swift in Sources */ = {isa = PBXBuildFile; fileRef = 0F10022E2B6CA9400050906E /* LoginPage1.swift */; };
		0F1002312B6CA9480050906E /* Logo1.swift in Sources */ = {isa = PBXBuildFile; fileRef = 0F1002302B6CA9480050906E /* Logo1.swift */; };
		0F1002332B6CA94D0050906E /* LoginPageModel.swift in Sources */ = {isa = PBXBuildFile; fileRef = 0F1002322B6CA94D0050906E /* LoginPageModel.swift */; };
		0F1002352B6CA95F0050906E /* KeemeSpaceView.swift in Sources */ = {isa = PBXBuildFile; fileRef = 0F1002342B6CA95F0050906E /* KeemeSpaceView.swift */; };
		0F1002372B6CA9650050906E /* cc.gif in Resources */ = {isa = PBXBuildFile; fileRef = 0F1002362B6CA9650050906E /* cc.gif */; };
		0F59C1DF2B6D59E900C5BE68 /* DataSchema.swift in Sources */ = {isa = PBXBuildFile; fileRef = 0F59C1DE2B6D59E900C5BE68 /* DataSchema.swift */; };
		0F5F5EDE2B904B810089EE71 /* User.swift in Sources */ = {isa = PBXBuildFile; fileRef = 0F5F5EDD2B904B810089EE71 /* User.swift */; };
		0F5F5EE02B904D920089EE71 /* KeemeSpace.swift in Sources */ = {isa = PBXBuildFile; fileRef = 0F5F5EDF2B904D920089EE71 /* KeemeSpace.swift */; };
		0F71C0552B92537500C48015 /* UserSamples.swift in Sources */ = {isa = PBXBuildFile; fileRef = 0F71C0542B92537500C48015 /* UserSamples.swift */; };
		0FBA81AB2BA954A500ED034B /* FirebaseAnalytics in Frameworks */ = {isa = PBXBuildFile; productRef = 0FBA81AA2BA954A500ED034B /* FirebaseAnalytics */; };
		0FBA81AD2BA954A500ED034B /* FirebaseAnalyticsOnDeviceConversion in Frameworks */ = {isa = PBXBuildFile; productRef = 0FBA81AC2BA954A500ED034B /* FirebaseAnalyticsOnDeviceConversion */; };
		0FBA81AF2BA954A500ED034B /* FirebaseAnalyticsSwift in Frameworks */ = {isa = PBXBuildFile; productRef = 0FBA81AE2BA954A500ED034B /* FirebaseAnalyticsSwift */; };
		0FBA81B12BA954A500ED034B /* FirebaseAnalyticsWithoutAdIdSupport in Frameworks */ = {isa = PBXBuildFile; productRef = 0FBA81B02BA954A500ED034B /* FirebaseAnalyticsWithoutAdIdSupport */; };
		0FBA81B32BA954A500ED034B /* FirebaseAppCheck in Frameworks */ = {isa = PBXBuildFile; productRef = 0FBA81B22BA954A500ED034B /* FirebaseAppCheck */; };
		0FBA81B52BA954A500ED034B /* FirebaseAppDistribution-Beta in Frameworks */ = {isa = PBXBuildFile; productRef = 0FBA81B42BA954A500ED034B /* FirebaseAppDistribution-Beta */; };
		0FBA81B72BA954A500ED034B /* FirebaseAuth in Frameworks */ = {isa = PBXBuildFile; productRef = 0FBA81B62BA954A500ED034B /* FirebaseAuth */; };
		0FBA81B92BA954A500ED034B /* FirebaseAuthCombine-Community in Frameworks */ = {isa = PBXBuildFile; productRef = 0FBA81B82BA954A500ED034B /* FirebaseAuthCombine-Community */; };
		0FBA81BB2BA954A500ED034B /* FirebaseCrashlytics in Frameworks */ = {isa = PBXBuildFile; productRef = 0FBA81BA2BA954A500ED034B /* FirebaseCrashlytics */; };
		0FBA81BD2BA954A500ED034B /* FirebaseDatabase in Frameworks */ = {isa = PBXBuildFile; productRef = 0FBA81BC2BA954A500ED034B /* FirebaseDatabase */; };
		0FBA81BF2BA954A500ED034B /* FirebaseDatabaseSwift in Frameworks */ = {isa = PBXBuildFile; productRef = 0FBA81BE2BA954A500ED034B /* FirebaseDatabaseSwift */; };
		0FBA81C12BA954A500ED034B /* FirebaseDynamicLinks in Frameworks */ = {isa = PBXBuildFile; productRef = 0FBA81C02BA954A500ED034B /* FirebaseDynamicLinks */; };
		0FBA81C32BA954A500ED034B /* FirebaseFirestore in Frameworks */ = {isa = PBXBuildFile; productRef = 0FBA81C22BA954A500ED034B /* FirebaseFirestore */; };
		0FBA81C52BA954A500ED034B /* FirebaseFirestoreCombine-Community in Frameworks */ = {isa = PBXBuildFile; productRef = 0FBA81C42BA954A500ED034B /* FirebaseFirestoreCombine-Community */; };
		0FBA81C72BA954A500ED034B /* FirebaseFirestoreSwift in Frameworks */ = {isa = PBXBuildFile; productRef = 0FBA81C62BA954A500ED034B /* FirebaseFirestoreSwift */; };
		0FBA81C92BA954A500ED034B /* FirebaseFunctions in Frameworks */ = {isa = PBXBuildFile; productRef = 0FBA81C82BA954A500ED034B /* FirebaseFunctions */; };
		0FBA81CB2BA954A500ED034B /* FirebaseFunctionsCombine-Community in Frameworks */ = {isa = PBXBuildFile; productRef = 0FBA81CA2BA954A500ED034B /* FirebaseFunctionsCombine-Community */; };
		0FBA81CD2BA954A500ED034B /* FirebaseInAppMessaging-Beta in Frameworks */ = {isa = PBXBuildFile; productRef = 0FBA81CC2BA954A500ED034B /* FirebaseInAppMessaging-Beta */; };
		0FBA81CF2BA954A500ED034B /* FirebaseInAppMessagingSwift-Beta in Frameworks */ = {isa = PBXBuildFile; productRef = 0FBA81CE2BA954A500ED034B /* FirebaseInAppMessagingSwift-Beta */; };
		0FBA81D12BA954A500ED034B /* FirebaseInstallations in Frameworks */ = {isa = PBXBuildFile; productRef = 0FBA81D02BA954A500ED034B /* FirebaseInstallations */; };
		0FBA81D32BA954A500ED034B /* FirebaseMLModelDownloader in Frameworks */ = {isa = PBXBuildFile; productRef = 0FBA81D22BA954A500ED034B /* FirebaseMLModelDownloader */; };
		0FBA81D52BA954A500ED034B /* FirebaseMessaging in Frameworks */ = {isa = PBXBuildFile; productRef = 0FBA81D42BA954A500ED034B /* FirebaseMessaging */; };
		0FBA81D72BA954A500ED034B /* FirebasePerformance in Frameworks */ = {isa = PBXBuildFile; productRef = 0FBA81D62BA954A500ED034B /* FirebasePerformance */; };
		0FBA81D92BA954A500ED034B /* FirebaseRemoteConfig in Frameworks */ = {isa = PBXBuildFile; productRef = 0FBA81D82BA954A500ED034B /* FirebaseRemoteConfig */; };
		0FBA81DB2BA954A500ED034B /* FirebaseRemoteConfigSwift in Frameworks */ = {isa = PBXBuildFile; productRef = 0FBA81DA2BA954A500ED034B /* FirebaseRemoteConfigSwift */; };
		0FBA81DD2BA954A500ED034B /* FirebaseStorage in Frameworks */ = {isa = PBXBuildFile; productRef = 0FBA81DC2BA954A500ED034B /* FirebaseStorage */; };
		0FBA81DF2BA954A500ED034B /* FirebaseStorageCombine-Community in Frameworks */ = {isa = PBXBuildFile; productRef = 0FBA81DE2BA954A500ED034B /* FirebaseStorageCombine-Community */; };
		0FBD49932B73C5BD0029A2FE /* DataModels.swift in Sources */ = {isa = PBXBuildFile; fileRef = 0FBD49922B73C5BD0029A2FE /* DataModels.swift */; };
		0FBD499A2B7523280029A2FE /* SampleData.swift in Sources */ = {isa = PBXBuildFile; fileRef = 0FBD49992B7523280029A2FE /* SampleData.swift */; };
		0FBD499C2B75289C0029A2FE /* PreviewContainer.swift in Sources */ = {isa = PBXBuildFile; fileRef = 0FBD499B2B75289C0029A2FE /* PreviewContainer.swift */; };
		0FDA2E212BAC862400497380 /* AuthenticationManager.swift in Sources */ = {isa = PBXBuildFile; fileRef = 0FDA2E202BAC862400497380 /* AuthenticationManager.swift */; };
		0FDA2E232BACA92600497380 /* AuthenticationView.swift in Sources */ = {isa = PBXBuildFile; fileRef = 0FDA2E222BACA92600497380 /* AuthenticationView.swift */; };
		0FDA2E252BACB60F00497380 /* RootView.swift in Sources */ = {isa = PBXBuildFile; fileRef = 0FDA2E242BACB60F00497380 /* RootView.swift */; };
		0FDA2E272BACD0E700497380 /* GoogleService-Info.plist in Resources */ = {isa = PBXBuildFile; fileRef = 0FDA2E262BACD0E700497380 /* GoogleService-Info.plist */; };
		0FDA2E2A2BAD2F4800497380 /* GoogleSignIn in Frameworks */ = {isa = PBXBuildFile; productRef = 0FDA2E292BAD2F4800497380 /* GoogleSignIn */; };
		0FDA2E2C2BAD2F4800497380 /* GoogleSignInSwift in Frameworks */ = {isa = PBXBuildFile; productRef = 0FDA2E2B2BAD2F4800497380 /* GoogleSignInSwift */; };
		0FDA2E2F2BAD33CD00497380 /* Utilities.swift in Sources */ = {isa = PBXBuildFile; fileRef = 0FDA2E2E2BAD33CD00497380 /* Utilities.swift */; };
		0FDA2E312BAE02D000497380 /* SignInGoogleHelper.swift in Sources */ = {isa = PBXBuildFile; fileRef = 0FDA2E302BAE02D000497380 /* SignInGoogleHelper.swift */; };
		0FDA2E332BAEF55300497380 /* SignInAppleHelper.swift in Sources */ = {isa = PBXBuildFile; fileRef = 0FDA2E322BAEF55300497380 /* SignInAppleHelper.swift */; };
		0FDA2E362BB0984900497380 /* UserManager.swift in Sources */ = {isa = PBXBuildFile; fileRef = 0FDA2E352BB0984900497380 /* UserManager.swift */; };
		0FDA2E382BB0989900497380 /* StudySession.swift in Sources */ = {isa = PBXBuildFile; fileRef = 0FDA2E372BB0989900497380 /* StudySession.swift */; };
		0FDCC4F32BB15925009D33D6 /* KeemespaceManager.swift in Sources */ = {isa = PBXBuildFile; fileRef = 0FDCC4F22BB15925009D33D6 /* KeemespaceManager.swift */; };
		0FDCC4F52BB16CD2009D33D6 /* CreateKeemespaceView.swift in Sources */ = {isa = PBXBuildFile; fileRef = 0FDCC4F42BB16CD2009D33D6 /* CreateKeemespaceView.swift */; };
		0FDCC4F82BB4BAD0009D33D6 /* SwiftUICharts in Frameworks */ = {isa = PBXBuildFile; productRef = 0FDCC4F72BB4BAD0009D33D6 /* SwiftUICharts */; };
		0FDCC4FA2BB52EF6009D33D6 /*  FloatingParticipantView.swift in Sources */ = {isa = PBXBuildFile; fileRef = 0FDCC4F92BB52EF5009D33D6 /*  FloatingParticipantView.swift */; };
		0FDCC4FD2BB52FD9009D33D6 /* StreamVideo in Frameworks */ = {isa = PBXBuildFile; productRef = 0FDCC4FC2BB52FD9009D33D6 /* StreamVideo */; };
		0FDCC4FF2BB52FD9009D33D6 /* StreamVideoSwiftUI in Frameworks */ = {isa = PBXBuildFile; productRef = 0FDCC4FE2BB52FD9009D33D6 /* StreamVideoSwiftUI */; };
		0FDCC5012BB52FD9009D33D6 /* StreamVideoUIKit in Frameworks */ = {isa = PBXBuildFile; productRef = 0FDCC5002BB52FD9009D33D6 /* StreamVideoUIKit */; };
		0FDCC5032BB53083009D33D6 /* ParticipantsView.swift in Sources */ = {isa = PBXBuildFile; fileRef = 0FDCC5022BB53083009D33D6 /* ParticipantsView.swift */; };
		0FDCC5052BB530A1009D33D6 /* VideoCallApp.swift in Sources */ = {isa = PBXBuildFile; fileRef = 0FDCC5042BB530A1009D33D6 /* VideoCallApp.swift */; };
		0FDCC5072BB530CF009D33D6 /* VideoCallCustomUI.swift in Sources */ = {isa = PBXBuildFile; fileRef = 0FDCC5062BB530CF009D33D6 /* VideoCallCustomUI.swift */; };
		0FDCC5092BBA76BC009D33D6 /* NotificationService.swift in Sources */ = {isa = PBXBuildFile; fileRef = 0FDCC5082BBA76BC009D33D6 /* NotificationService.swift */; };
/* End PBXBuildFile section */

/* Begin PBXFileReference section */
		0F1001EE2B6CA47E0050906E /* iOS App Dev Keeme.app */ = {isa = PBXFileReference; explicitFileType = wrapper.application; includeInIndex = 0; path = "iOS App Dev Keeme.app"; sourceTree = BUILT_PRODUCTS_DIR; };
		0F1001F12B6CA47E0050906E /* iOS_App_Dev_KeemeApp.swift */ = {isa = PBXFileReference; lastKnownFileType = sourcecode.swift; path = iOS_App_Dev_KeemeApp.swift; sourceTree = "<group>"; };
		0F1001F32B6CA47E0050906E /* ContentView.swift */ = {isa = PBXFileReference; lastKnownFileType = sourcecode.swift; path = ContentView.swift; sourceTree = "<group>"; };
		0F1001F52B6CA47F0050906E /* Assets.xcassets */ = {isa = PBXFileReference; lastKnownFileType = folder.assetcatalog; path = Assets.xcassets; sourceTree = "<group>"; };
		0F1001F82B6CA47F0050906E /* Preview Assets.xcassets */ = {isa = PBXFileReference; lastKnownFileType = folder.assetcatalog; path = "Preview Assets.xcassets"; sourceTree = "<group>"; };
		0F10020C2B6CA7380050906E /* MainTabView.swift */ = {isa = PBXFileReference; lastKnownFileType = sourcecode.swift; path = MainTabView.swift; sourceTree = "<group>"; };
		0F10020E2B6CA76B0050906E /* FavouritesView.swift */ = {isa = PBXFileReference; lastKnownFileType = sourcecode.swift; path = FavouritesView.swift; sourceTree = "<group>"; };
		0F1002102B6CA7980050906E /* FavouritesHeading.swift */ = {isa = PBXFileReference; lastKnownFileType = sourcecode.swift; path = FavouritesHeading.swift; sourceTree = "<group>"; };
		0F1002122B6CA8310050906E /* ArrangeSchedule.swift */ = {isa = PBXFileReference; fileEncoding = 4; lastKnownFileType = sourcecode.swift; path = ArrangeSchedule.swift; sourceTree = "<group>"; };
		0F1002142B6CA84B0050906E /* ScheduleHeading.swift */ = {isa = PBXFileReference; fileEncoding = 4; lastKnownFileType = sourcecode.swift; path = ScheduleHeading.swift; sourceTree = "<group>"; };
		0F1002162B6CA8580050906E /* ScheduleView.swift */ = {isa = PBXFileReference; fileEncoding = 4; lastKnownFileType = sourcecode.swift; path = ScheduleView.swift; sourceTree = "<group>"; };
		0F1002182B6CA8930050906E /* SettingsView.swift */ = {isa = PBXFileReference; fileEncoding = 4; lastKnownFileType = sourcecode.swift; path = SettingsView.swift; sourceTree = "<group>"; };
		0F10021A2B6CA8A50050906E /* UserProfile.swift */ = {isa = PBXFileReference; fileEncoding = 4; lastKnownFileType = sourcecode.swift; path = UserProfile.swift; sourceTree = "<group>"; };
		0F10021C2B6CA8BB0050906E /* HomeView.swift */ = {isa = PBXFileReference; fileEncoding = 4; lastKnownFileType = sourcecode.swift; path = HomeView.swift; sourceTree = "<group>"; };
		0F10021E2B6CA8C30050906E /* IntroView.swift */ = {isa = PBXFileReference; fileEncoding = 4; lastKnownFileType = sourcecode.swift; path = IntroView.swift; sourceTree = "<group>"; };
		0F1002202B6CA8CC0050906E /* Listings.swift */ = {isa = PBXFileReference; fileEncoding = 4; lastKnownFileType = sourcecode.swift; path = Listings.swift; sourceTree = "<group>"; };
		0F1002222B6CA8D20050906E /* PieChartView.swift */ = {isa = PBXFileReference; fileEncoding = 4; lastKnownFileType = sourcecode.swift; path = PieChartView.swift; sourceTree = "<group>"; };
		0F1002242B6CA8DA0050906E /* BuddyView.swift */ = {isa = PBXFileReference; fileEncoding = 4; lastKnownFileType = sourcecode.swift; path = BuddyView.swift; sourceTree = "<group>"; };
		0F1002262B6CA8E20050906E /* HomeScheduleBar.swift */ = {isa = PBXFileReference; fileEncoding = 4; lastKnownFileType = sourcecode.swift; path = HomeScheduleBar.swift; sourceTree = "<group>"; };
		0F1002282B6CA8E90050906E /* PieData.swift */ = {isa = PBXFileReference; fileEncoding = 4; lastKnownFileType = sourcecode.swift; path = PieData.swift; sourceTree = "<group>"; };
		0F10022A2B6CA8F70050906E /* Listing.swift */ = {isa = PBXFileReference; fileEncoding = 4; lastKnownFileType = sourcecode.swift; path = Listing.swift; sourceTree = "<group>"; };
		0F10022C2B6CA9300050906E /* CustomCorners.swift */ = {isa = PBXFileReference; fileEncoding = 4; lastKnownFileType = sourcecode.swift; path = CustomCorners.swift; sourceTree = "<group>"; };
		0F10022E2B6CA9400050906E /* LoginPage1.swift */ = {isa = PBXFileReference; fileEncoding = 4; lastKnownFileType = sourcecode.swift; path = LoginPage1.swift; sourceTree = "<group>"; };
		0F1002302B6CA9480050906E /* Logo1.swift */ = {isa = PBXFileReference; fileEncoding = 4; lastKnownFileType = sourcecode.swift; path = Logo1.swift; sourceTree = "<group>"; };
		0F1002322B6CA94D0050906E /* LoginPageModel.swift */ = {isa = PBXFileReference; fileEncoding = 4; lastKnownFileType = sourcecode.swift; path = LoginPageModel.swift; sourceTree = "<group>"; };
		0F1002342B6CA95F0050906E /* KeemeSpaceView.swift */ = {isa = PBXFileReference; fileEncoding = 4; lastKnownFileType = sourcecode.swift; path = KeemeSpaceView.swift; sourceTree = "<group>"; };
		0F1002362B6CA9650050906E /* cc.gif */ = {isa = PBXFileReference; lastKnownFileType = image.gif; path = cc.gif; sourceTree = "<group>"; };
		0F59C1DE2B6D59E900C5BE68 /* DataSchema.swift */ = {isa = PBXFileReference; lastKnownFileType = sourcecode.swift; path = DataSchema.swift; sourceTree = "<group>"; };
		0F5F5EDD2B904B810089EE71 /* User.swift */ = {isa = PBXFileReference; lastKnownFileType = sourcecode.swift; path = User.swift; sourceTree = "<group>"; };
		0F5F5EDF2B904D920089EE71 /* KeemeSpace.swift */ = {isa = PBXFileReference; lastKnownFileType = sourcecode.swift; path = KeemeSpace.swift; sourceTree = "<group>"; };
		0F71C0542B92537500C48015 /* UserSamples.swift */ = {isa = PBXFileReference; lastKnownFileType = sourcecode.swift; path = UserSamples.swift; sourceTree = "<group>"; };
		0FBD49922B73C5BD0029A2FE /* DataModels.swift */ = {isa = PBXFileReference; lastKnownFileType = sourcecode.swift; path = DataModels.swift; sourceTree = "<group>"; };
		0FBD49952B74B7680029A2FE /* SwiftData.framework */ = {isa = PBXFileReference; lastKnownFileType = wrapper.framework; name = SwiftData.framework; path = System/Library/Frameworks/SwiftData.framework; sourceTree = SDKROOT; };
		0FBD49992B7523280029A2FE /* SampleData.swift */ = {isa = PBXFileReference; lastKnownFileType = sourcecode.swift; path = SampleData.swift; sourceTree = "<group>"; };
		0FBD499B2B75289C0029A2FE /* PreviewContainer.swift */ = {isa = PBXFileReference; lastKnownFileType = sourcecode.swift; path = PreviewContainer.swift; sourceTree = "<group>"; };
		0FDA2E202BAC862400497380 /* AuthenticationManager.swift */ = {isa = PBXFileReference; lastKnownFileType = sourcecode.swift; path = AuthenticationManager.swift; sourceTree = "<group>"; };
		0FDA2E222BACA92600497380 /* AuthenticationView.swift */ = {isa = PBXFileReference; lastKnownFileType = sourcecode.swift; path = AuthenticationView.swift; sourceTree = "<group>"; };
		0FDA2E242BACB60F00497380 /* RootView.swift */ = {isa = PBXFileReference; lastKnownFileType = sourcecode.swift; path = RootView.swift; sourceTree = "<group>"; };
		0FDA2E262BACD0E700497380 /* GoogleService-Info.plist */ = {isa = PBXFileReference; fileEncoding = 4; lastKnownFileType = text.plist.xml; path = "GoogleService-Info.plist"; sourceTree = "<group>"; };
		0FDA2E2D2BAD2FD900497380 /* iOS-App-Dev-Keeme-Info.plist */ = {isa = PBXFileReference; lastKnownFileType = text.plist.xml; path = "iOS-App-Dev-Keeme-Info.plist"; sourceTree = SOURCE_ROOT; };
		0FDA2E2E2BAD33CD00497380 /* Utilities.swift */ = {isa = PBXFileReference; lastKnownFileType = sourcecode.swift; path = Utilities.swift; sourceTree = "<group>"; };
		0FDA2E302BAE02D000497380 /* SignInGoogleHelper.swift */ = {isa = PBXFileReference; lastKnownFileType = sourcecode.swift; path = SignInGoogleHelper.swift; sourceTree = "<group>"; };
		0FDA2E322BAEF55300497380 /* SignInAppleHelper.swift */ = {isa = PBXFileReference; lastKnownFileType = sourcecode.swift; path = SignInAppleHelper.swift; sourceTree = "<group>"; };
		0FDA2E352BB0984900497380 /* UserManager.swift */ = {isa = PBXFileReference; lastKnownFileType = sourcecode.swift; path = UserManager.swift; sourceTree = "<group>"; };
		0FDA2E372BB0989900497380 /* StudySession.swift */ = {isa = PBXFileReference; lastKnownFileType = sourcecode.swift; path = StudySession.swift; sourceTree = "<group>"; };
		0FDCC4F22BB15925009D33D6 /* KeemespaceManager.swift */ = {isa = PBXFileReference; lastKnownFileType = sourcecode.swift; path = KeemespaceManager.swift; sourceTree = "<group>"; };
		0FDCC4F42BB16CD2009D33D6 /* CreateKeemespaceView.swift */ = {isa = PBXFileReference; lastKnownFileType = sourcecode.swift; path = CreateKeemespaceView.swift; sourceTree = "<group>"; };
		0FDCC4F92BB52EF5009D33D6 /*  FloatingParticipantView.swift */ = {isa = PBXFileReference; lastKnownFileType = sourcecode.swift; path = " FloatingParticipantView.swift"; sourceTree = "<group>"; };
		0FDCC5022BB53083009D33D6 /* ParticipantsView.swift */ = {isa = PBXFileReference; lastKnownFileType = sourcecode.swift; path = ParticipantsView.swift; sourceTree = "<group>"; };
		0FDCC5042BB530A1009D33D6 /* VideoCallApp.swift */ = {isa = PBXFileReference; lastKnownFileType = sourcecode.swift; path = VideoCallApp.swift; sourceTree = "<group>"; };
		0FDCC5062BB530CF009D33D6 /* VideoCallCustomUI.swift */ = {isa = PBXFileReference; lastKnownFileType = sourcecode.swift; path = VideoCallCustomUI.swift; sourceTree = "<group>"; };
		0FDCC5082BBA76BC009D33D6 /* NotificationService.swift */ = {isa = PBXFileReference; lastKnownFileType = sourcecode.swift; path = NotificationService.swift; sourceTree = "<group>"; };
/* End PBXFileReference section */

/* Begin PBXFrameworksBuildPhase section */
		0F1001EB2B6CA47E0050906E /* Frameworks */ = {
			isa = PBXFrameworksBuildPhase;
			buildActionMask = 2147483647;
			files = (
				0FBA81BF2BA954A500ED034B /* FirebaseDatabaseSwift in Frameworks */,
				0FBA81D72BA954A500ED034B /* FirebasePerformance in Frameworks */,
				0FBA81D92BA954A500ED034B /* FirebaseRemoteConfig in Frameworks */,
				0FBA81AD2BA954A500ED034B /* FirebaseAnalyticsOnDeviceConversion in Frameworks */,
				0FBA81D12BA954A500ED034B /* FirebaseInstallations in Frameworks */,
				0FBA81C52BA954A500ED034B /* FirebaseFirestoreCombine-Community in Frameworks */,
				0FBA81CF2BA954A500ED034B /* FirebaseInAppMessagingSwift-Beta in Frameworks */,
				0FBA81D32BA954A500ED034B /* FirebaseMLModelDownloader in Frameworks */,
				0FBA81D52BA954A500ED034B /* FirebaseMessaging in Frameworks */,
				0FDCC4F82BB4BAD0009D33D6 /* SwiftUICharts in Frameworks */,
				0FDCC4FF2BB52FD9009D33D6 /* StreamVideoSwiftUI in Frameworks */,
				0FDCC4FD2BB52FD9009D33D6 /* StreamVideo in Frameworks */,
				0FBA81C72BA954A500ED034B /* FirebaseFirestoreSwift in Frameworks */,
				0FBA81C32BA954A500ED034B /* FirebaseFirestore in Frameworks */,
				0FBA81C92BA954A500ED034B /* FirebaseFunctions in Frameworks */,
				0FBA81AF2BA954A500ED034B /* FirebaseAnalyticsSwift in Frameworks */,
				0FBA81AB2BA954A500ED034B /* FirebaseAnalytics in Frameworks */,
				0FDA2E2A2BAD2F4800497380 /* GoogleSignIn in Frameworks */,
				0FBA81B92BA954A500ED034B /* FirebaseAuthCombine-Community in Frameworks */,
				0FBA81B72BA954A500ED034B /* FirebaseAuth in Frameworks */,
				0FDA2E2C2BAD2F4800497380 /* GoogleSignInSwift in Frameworks */,
				0FBA81CB2BA954A500ED034B /* FirebaseFunctionsCombine-Community in Frameworks */,
				0FBA81BB2BA954A500ED034B /* FirebaseCrashlytics in Frameworks */,
				0FBA81C12BA954A500ED034B /* FirebaseDynamicLinks in Frameworks */,
				0FBA81DD2BA954A500ED034B /* FirebaseStorage in Frameworks */,
				0FBA81CD2BA954A500ED034B /* FirebaseInAppMessaging-Beta in Frameworks */,
				0FBA81DB2BA954A500ED034B /* FirebaseRemoteConfigSwift in Frameworks */,
				0FBA81B52BA954A500ED034B /* FirebaseAppDistribution-Beta in Frameworks */,
				0FBA81DF2BA954A500ED034B /* FirebaseStorageCombine-Community in Frameworks */,
				0FBA81B32BA954A500ED034B /* FirebaseAppCheck in Frameworks */,
				0FDCC5012BB52FD9009D33D6 /* StreamVideoUIKit in Frameworks */,
				0FBA81BD2BA954A500ED034B /* FirebaseDatabase in Frameworks */,
				0FBA81B12BA954A500ED034B /* FirebaseAnalyticsWithoutAdIdSupport in Frameworks */,
			);
			runOnlyForDeploymentPostprocessing = 0;
		};
/* End PBXFrameworksBuildPhase section */

/* Begin PBXGroup section */
		0F1001E52B6CA47E0050906E = {
			isa = PBXGroup;
			children = (
				0FDA2E2D2BAD2FD900497380 /* iOS-App-Dev-Keeme-Info.plist */,
				0F1001F02B6CA47E0050906E /* iOS App Dev Keeme */,
				0F1001EF2B6CA47E0050906E /* Products */,
				0FBD49942B74B7680029A2FE /* Frameworks */,
			);
			sourceTree = "<group>";
		};
		0F1001EF2B6CA47E0050906E /* Products */ = {
			isa = PBXGroup;
			children = (
				0F1001EE2B6CA47E0050906E /* iOS App Dev Keeme.app */,
			);
			name = Products;
			sourceTree = "<group>";
		};
		0F1001F02B6CA47E0050906E /* iOS App Dev Keeme */ = {
			isa = PBXGroup;
			children = (
				0FDA2E262BACD0E700497380 /* GoogleService-Info.plist */,
				0FDA2E342BB0981200497380 /* Firestore */,
				0FDA2E1D2BAB1DE600497380 /* Auth */,
				0F1001FF2B6CA4C30050906E /* App */,
				0F1002002B6CA5570050906E /* Core */,
				0F1002032B6CA5B40050906E /* Utils */,
				0F1002472B6CE28D0050906E /* Models */,
				0F10024A2B6CE4590050906E /* Extensions */,
				0F1001F32B6CA47E0050906E /* ContentView.swift */,
				0F1001F52B6CA47F0050906E /* Assets.xcassets */,
				0F1001F72B6CA47F0050906E /* Preview Content */,
			);
			path = "iOS App Dev Keeme";
			sourceTree = "<group>";
		};
		0F1001F72B6CA47F0050906E /* Preview Content */ = {
			isa = PBXGroup;
			children = (
				0F1001F82B6CA47F0050906E /* Preview Assets.xcassets */,
				0FBD49992B7523280029A2FE /* SampleData.swift */,
				0FBD499B2B75289C0029A2FE /* PreviewContainer.swift */,
				0F71C0542B92537500C48015 /* UserSamples.swift */,
			);
			path = "Preview Content";
			sourceTree = "<group>";
		};
		0F1001FF2B6CA4C30050906E /* App */ = {
			isa = PBXGroup;
			children = (
				0F1001F12B6CA47E0050906E /* iOS_App_Dev_KeemeApp.swift */,
			);
			path = App;
			sourceTree = "<group>";
		};
		0F1002002B6CA5570050906E /* Core */ = {
			isa = PBXGroup;
			children = (
				0F1002042B6CA61A0050906E /* KeemeSpace */,
				0F1002052B6CA6280050906E /* Login */,
				0F1002062B6CA6340050906E /* Home */,
				0F1002072B6CA63A0050906E /* Settings */,
				0F1002082B6CA64C0050906E /* Schedule */,
				0F10020B2B6CA6810050906E /* Favourites */,
				0F10020A2B6CA6770050906E /* Profile */,
				0F1002092B6CA65C0050906E /* TabView */,
			);
			path = Core;
			sourceTree = "<group>";
		};
		0F1002032B6CA5B40050906E /* Utils */ = {
			isa = PBXGroup;
			children = (
				0FDA2E2E2BAD33CD00497380 /* Utilities.swift */,
			);
			path = Utils;
			sourceTree = "<group>";
		};
		0F1002042B6CA61A0050906E /* KeemeSpace */ = {
			isa = PBXGroup;
			children = (
				0F1002342B6CA95F0050906E /* KeemeSpaceView.swift */,
				0FDCC4F92BB52EF5009D33D6 /*  FloatingParticipantView.swift */,
				0FDCC5022BB53083009D33D6 /* ParticipantsView.swift */,
				0FDCC5042BB530A1009D33D6 /* VideoCallApp.swift */,
				0FDCC5062BB530CF009D33D6 /* VideoCallCustomUI.swift */,
				0F1002362B6CA9650050906E /* cc.gif */,
				0FDCC4F42BB16CD2009D33D6 /* CreateKeemespaceView.swift */,
			);
			path = KeemeSpace;
			sourceTree = "<group>";
		};
		0F1002052B6CA6280050906E /* Login */ = {
			isa = PBXGroup;
			children = (
				0F10022C2B6CA9300050906E /* CustomCorners.swift */,
				0F10022E2B6CA9400050906E /* LoginPage1.swift */,
				0F1002302B6CA9480050906E /* Logo1.swift */,
				0F1002322B6CA94D0050906E /* LoginPageModel.swift */,
				0FDA2E222BACA92600497380 /* AuthenticationView.swift */,
				0FDA2E242BACB60F00497380 /* RootView.swift */,
			);
			path = Login;
			sourceTree = "<group>";
		};
		0F1002062B6CA6340050906E /* Home */ = {
			isa = PBXGroup;
			children = (
				0F10021C2B6CA8BB0050906E /* HomeView.swift */,
				0F10021E2B6CA8C30050906E /* IntroView.swift */,
				0F1002202B6CA8CC0050906E /* Listings.swift */,
				0F1002222B6CA8D20050906E /* PieChartView.swift */,
				0F1002242B6CA8DA0050906E /* BuddyView.swift */,
				0F1002262B6CA8E20050906E /* HomeScheduleBar.swift */,
				0F1002282B6CA8E90050906E /* PieData.swift */,
				0F10022A2B6CA8F70050906E /* Listing.swift */,
			);
			path = Home;
			sourceTree = "<group>";
		};
		0F1002072B6CA63A0050906E /* Settings */ = {
			isa = PBXGroup;
			children = (
				0F1002182B6CA8930050906E /* SettingsView.swift */,
				0F10021A2B6CA8A50050906E /* UserProfile.swift */,
			);
			path = Settings;
			sourceTree = "<group>";
		};
		0F1002082B6CA64C0050906E /* Schedule */ = {
			isa = PBXGroup;
			children = (
				0F1002162B6CA8580050906E /* ScheduleView.swift */,
				0F1002122B6CA8310050906E /* ArrangeSchedule.swift */,
				0F1002142B6CA84B0050906E /* ScheduleHeading.swift */,
			);
			path = Schedule;
			sourceTree = "<group>";
		};
		0F1002092B6CA65C0050906E /* TabView */ = {
			isa = PBXGroup;
			children = (
				0F10020C2B6CA7380050906E /* MainTabView.swift */,
			);
			path = TabView;
			sourceTree = "<group>";
		};
		0F10020A2B6CA6770050906E /* Profile */ = {
			isa = PBXGroup;
			children = (
			);
			path = Profile;
			sourceTree = "<group>";
		};
		0F10020B2B6CA6810050906E /* Favourites */ = {
			isa = PBXGroup;
			children = (
				0F10020E2B6CA76B0050906E /* FavouritesView.swift */,
				0F1002102B6CA7980050906E /* FavouritesHeading.swift */,
			);
			path = Favourites;
			sourceTree = "<group>";
		};
		0F1002472B6CE28D0050906E /* Models */ = {
			isa = PBXGroup;
			children = (
				0F59C1DE2B6D59E900C5BE68 /* DataSchema.swift */,
				0FBD49922B73C5BD0029A2FE /* DataModels.swift */,
				0F5F5EDD2B904B810089EE71 /* User.swift */,
				0F5F5EDF2B904D920089EE71 /* KeemeSpace.swift */,
				0FDA2E372BB0989900497380 /* StudySession.swift */,
			);
			path = Models;
			sourceTree = "<group>";
		};
		0F10024A2B6CE4590050906E /* Extensions */ = {
			isa = PBXGroup;
			children = (
			);
			path = Extensions;
			sourceTree = "<group>";
		};
		0FBD49942B74B7680029A2FE /* Frameworks */ = {
			isa = PBXGroup;
			children = (
				0FBD49952B74B7680029A2FE /* SwiftData.framework */,
			);
			name = Frameworks;
			sourceTree = "<group>";
		};
		0FDA2E1D2BAB1DE600497380 /* Auth */ = {
			isa = PBXGroup;
			children = (
				0FDA2E202BAC862400497380 /* AuthenticationManager.swift */,
				0FDA2E302BAE02D000497380 /* SignInGoogleHelper.swift */,
				0FDA2E322BAEF55300497380 /* SignInAppleHelper.swift */,
			);
			path = Auth;
			sourceTree = "<group>";
		};
		0FDA2E342BB0981200497380 /* Firestore */ = {
			isa = PBXGroup;
			children = (
				0FDA2E352BB0984900497380 /* UserManager.swift */,
				0FDCC5082BBA76BC009D33D6 /* NotificationService.swift */,
				0FDCC4F22BB15925009D33D6 /* KeemespaceManager.swift */,
			);
			path = Firestore;
			sourceTree = "<group>";
		};
/* End PBXGroup section */

/* Begin PBXNativeTarget section */
		0F1001ED2B6CA47E0050906E /* iOS App Dev Keeme */ = {
			isa = PBXNativeTarget;
			buildConfigurationList = 0F1001FC2B6CA47F0050906E /* Build configuration list for PBXNativeTarget "iOS App Dev Keeme" */;
			buildPhases = (
				0F1001EA2B6CA47E0050906E /* Sources */,
				0F1001EB2B6CA47E0050906E /* Frameworks */,
				0F1001EC2B6CA47E0050906E /* Resources */,
			);
			buildRules = (
			);
			dependencies = (
			);
			name = "iOS App Dev Keeme";
			packageProductDependencies = (
				0FBA81AA2BA954A500ED034B /* FirebaseAnalytics */,
				0FBA81AC2BA954A500ED034B /* FirebaseAnalyticsOnDeviceConversion */,
				0FBA81AE2BA954A500ED034B /* FirebaseAnalyticsSwift */,
				0FBA81B02BA954A500ED034B /* FirebaseAnalyticsWithoutAdIdSupport */,
				0FBA81B22BA954A500ED034B /* FirebaseAppCheck */,
				0FBA81B42BA954A500ED034B /* FirebaseAppDistribution-Beta */,
				0FBA81B62BA954A500ED034B /* FirebaseAuth */,
				0FBA81B82BA954A500ED034B /* FirebaseAuthCombine-Community */,
				0FBA81BA2BA954A500ED034B /* FirebaseCrashlytics */,
				0FBA81BC2BA954A500ED034B /* FirebaseDatabase */,
				0FBA81BE2BA954A500ED034B /* FirebaseDatabaseSwift */,
				0FBA81C02BA954A500ED034B /* FirebaseDynamicLinks */,
				0FBA81C22BA954A500ED034B /* FirebaseFirestore */,
				0FBA81C42BA954A500ED034B /* FirebaseFirestoreCombine-Community */,
				0FBA81C62BA954A500ED034B /* FirebaseFirestoreSwift */,
				0FBA81C82BA954A500ED034B /* FirebaseFunctions */,
				0FBA81CA2BA954A500ED034B /* FirebaseFunctionsCombine-Community */,
				0FBA81CC2BA954A500ED034B /* FirebaseInAppMessaging-Beta */,
				0FBA81CE2BA954A500ED034B /* FirebaseInAppMessagingSwift-Beta */,
				0FBA81D02BA954A500ED034B /* FirebaseInstallations */,
				0FBA81D22BA954A500ED034B /* FirebaseMLModelDownloader */,
				0FBA81D42BA954A500ED034B /* FirebaseMessaging */,
				0FBA81D62BA954A500ED034B /* FirebasePerformance */,
				0FBA81D82BA954A500ED034B /* FirebaseRemoteConfig */,
				0FBA81DA2BA954A500ED034B /* FirebaseRemoteConfigSwift */,
				0FBA81DC2BA954A500ED034B /* FirebaseStorage */,
				0FBA81DE2BA954A500ED034B /* FirebaseStorageCombine-Community */,
				0FDA2E292BAD2F4800497380 /* GoogleSignIn */,
				0FDA2E2B2BAD2F4800497380 /* GoogleSignInSwift */,
				0FDCC4F72BB4BAD0009D33D6 /* SwiftUICharts */,
				0FDCC4FC2BB52FD9009D33D6 /* StreamVideo */,
				0FDCC4FE2BB52FD9009D33D6 /* StreamVideoSwiftUI */,
				0FDCC5002BB52FD9009D33D6 /* StreamVideoUIKit */,
			);
			productName = "iOS App Dev Keeme";
			productReference = 0F1001EE2B6CA47E0050906E /* iOS App Dev Keeme.app */;
			productType = "com.apple.product-type.application";
		};
/* End PBXNativeTarget section */

/* Begin PBXProject section */
		0F1001E62B6CA47E0050906E /* Project object */ = {
			isa = PBXProject;
			attributes = {
				BuildIndependentTargetsInParallel = 1;
				LastSwiftUpdateCheck = 1520;
				LastUpgradeCheck = 1520;
				TargetAttributes = {
					0F1001ED2B6CA47E0050906E = {
						CreatedOnToolsVersion = 15.2;
					};
				};
			};
			buildConfigurationList = 0F1001E92B6CA47E0050906E /* Build configuration list for PBXProject "iOS App Dev Keeme" */;
			compatibilityVersion = "Xcode 14.0";
			developmentRegion = en;
			hasScannedForEncodings = 0;
			knownRegions = (
				en,
				Base,
			);
			mainGroup = 0F1001E52B6CA47E0050906E;
			packageReferences = (
				0F1002382B6CA9AF0050906E /* XCRemoteSwiftPackageReference "SwiftUI-Introspect" */,
				0FBA81A92BA954A500ED034B /* XCRemoteSwiftPackageReference "firebase-ios-sdk" */,
				0FDA2E282BAD2F4800497380 /* XCRemoteSwiftPackageReference "GoogleSignIn-iOS" */,
				0FDCC4F62BB4BACF009D33D6 /* XCRemoteSwiftPackageReference "ChartView" */,
				0FDCC4FB2BB52FD9009D33D6 /* XCRemoteSwiftPackageReference "stream-video-swift" */,
			);
			productRefGroup = 0F1001EF2B6CA47E0050906E /* Products */;
			projectDirPath = "";
			projectRoot = "";
			targets = (
				0F1001ED2B6CA47E0050906E /* iOS App Dev Keeme */,
			);
		};
/* End PBXProject section */

/* Begin PBXResourcesBuildPhase section */
		0F1001EC2B6CA47E0050906E /* Resources */ = {
			isa = PBXResourcesBuildPhase;
			buildActionMask = 2147483647;
			files = (
				0FDA2E272BACD0E700497380 /* GoogleService-Info.plist in Resources */,
				0F1002372B6CA9650050906E /* cc.gif in Resources */,
				0F1001F92B6CA47F0050906E /* Preview Assets.xcassets in Resources */,
				0F1001F62B6CA47F0050906E /* Assets.xcassets in Resources */,
			);
			runOnlyForDeploymentPostprocessing = 0;
		};
/* End PBXResourcesBuildPhase section */

/* Begin PBXSourcesBuildPhase section */
		0F1001EA2B6CA47E0050906E /* Sources */ = {
			isa = PBXSourcesBuildPhase;
			buildActionMask = 2147483647;
			files = (
				0F1002232B6CA8D20050906E /* PieChartView.swift in Sources */,
				0F1002152B6CA84B0050906E /* ScheduleHeading.swift in Sources */,
				0F1002252B6CA8DA0050906E /* BuddyView.swift in Sources */,
				0F1001F42B6CA47E0050906E /* ContentView.swift in Sources */,
				0F10021B2B6CA8A50050906E /* UserProfile.swift in Sources */,
				0F10022D2B6CA9300050906E /* CustomCorners.swift in Sources */,
				0F1001F22B6CA47E0050906E /* iOS_App_Dev_KeemeApp.swift in Sources */,
				0FBD499A2B7523280029A2FE /* SampleData.swift in Sources */,
				0FDA2E332BAEF55300497380 /* SignInAppleHelper.swift in Sources */,
				0F5F5EDE2B904B810089EE71 /* User.swift in Sources */,
				0FBD49932B73C5BD0029A2FE /* DataModels.swift in Sources */,
				0FDA2E2F2BAD33CD00497380 /* Utilities.swift in Sources */,
				0F1002292B6CA8E90050906E /* PieData.swift in Sources */,
				0FDCC5092BBA76BC009D33D6 /* NotificationService.swift in Sources */,
				0F1002192B6CA8930050906E /* SettingsView.swift in Sources */,
				0FDCC5032BB53083009D33D6 /* ParticipantsView.swift in Sources */,
				0FDCC4FA2BB52EF6009D33D6 /*  FloatingParticipantView.swift in Sources */,
				0F10021F2B6CA8C30050906E /* IntroView.swift in Sources */,
				0F1002332B6CA94D0050906E /* LoginPageModel.swift in Sources */,
				0FDA2E312BAE02D000497380 /* SignInGoogleHelper.swift in Sources */,
				0FDA2E232BACA92600497380 /* AuthenticationView.swift in Sources */,
				0F10022F2B6CA9400050906E /* LoginPage1.swift in Sources */,
				0F1002352B6CA95F0050906E /* KeemeSpaceView.swift in Sources */,
				0FDCC5072BB530CF009D33D6 /* VideoCallCustomUI.swift in Sources */,
				0F10021D2B6CA8BB0050906E /* HomeView.swift in Sources */,
				0F5F5EE02B904D920089EE71 /* KeemeSpace.swift in Sources */,
				0F10022B2B6CA8F70050906E /* Listing.swift in Sources */,
				0FDCC4F52BB16CD2009D33D6 /* CreateKeemespaceView.swift in Sources */,
				0F10020F2B6CA76B0050906E /* FavouritesView.swift in Sources */,
				0F1002132B6CA8310050906E /* ArrangeSchedule.swift in Sources */,
				0F71C0552B92537500C48015 /* UserSamples.swift in Sources */,
				0F1002272B6CA8E20050906E /* HomeScheduleBar.swift in Sources */,
				0F1002312B6CA9480050906E /* Logo1.swift in Sources */,
				0FDA2E382BB0989900497380 /* StudySession.swift in Sources */,
				0F1002172B6CA8580050906E /* ScheduleView.swift in Sources */,
				0F10020D2B6CA7380050906E /* MainTabView.swift in Sources */,
				0F1002212B6CA8CC0050906E /* Listings.swift in Sources */,
				0F1002112B6CA7980050906E /* FavouritesHeading.swift in Sources */,
				0FDA2E362BB0984900497380 /* UserManager.swift in Sources */,
				0FDA2E212BAC862400497380 /* AuthenticationManager.swift in Sources */,
				0FDCC5052BB530A1009D33D6 /* VideoCallApp.swift in Sources */,
				0FDCC4F32BB15925009D33D6 /* KeemespaceManager.swift in Sources */,
				0FBD499C2B75289C0029A2FE /* PreviewContainer.swift in Sources */,
				0F59C1DF2B6D59E900C5BE68 /* DataSchema.swift in Sources */,
				0FDA2E252BACB60F00497380 /* RootView.swift in Sources */,
			);
			runOnlyForDeploymentPostprocessing = 0;
		};
/* End PBXSourcesBuildPhase section */

/* Begin XCBuildConfiguration section */
		0F1001FA2B6CA47F0050906E /* Debug */ = {
			isa = XCBuildConfiguration;
			buildSettings = {
				ALWAYS_SEARCH_USER_PATHS = NO;
				ASSETCATALOG_COMPILER_GENERATE_SWIFT_ASSET_SYMBOL_EXTENSIONS = YES;
				CLANG_ANALYZER_NONNULL = YES;
				CLANG_ANALYZER_NUMBER_OBJECT_CONVERSION = YES_AGGRESSIVE;
				CLANG_CXX_LANGUAGE_STANDARD = "gnu++20";
				CLANG_ENABLE_MODULES = YES;
				CLANG_ENABLE_OBJC_ARC = YES;
				CLANG_ENABLE_OBJC_WEAK = YES;
				CLANG_WARN_BLOCK_CAPTURE_AUTORELEASING = YES;
				CLANG_WARN_BOOL_CONVERSION = YES;
				CLANG_WARN_COMMA = YES;
				CLANG_WARN_CONSTANT_CONVERSION = YES;
				CLANG_WARN_DEPRECATED_OBJC_IMPLEMENTATIONS = YES;
				CLANG_WARN_DIRECT_OBJC_ISA_USAGE = YES_ERROR;
				CLANG_WARN_DOCUMENTATION_COMMENTS = YES;
				CLANG_WARN_EMPTY_BODY = YES;
				CLANG_WARN_ENUM_CONVERSION = YES;
				CLANG_WARN_INFINITE_RECURSION = YES;
				CLANG_WARN_INT_CONVERSION = YES;
				CLANG_WARN_NON_LITERAL_NULL_CONVERSION = YES;
				CLANG_WARN_OBJC_IMPLICIT_RETAIN_SELF = YES;
				CLANG_WARN_OBJC_LITERAL_CONVERSION = YES;
				CLANG_WARN_OBJC_ROOT_CLASS = YES_ERROR;
				CLANG_WARN_QUOTED_INCLUDE_IN_FRAMEWORK_HEADER = YES;
				CLANG_WARN_RANGE_LOOP_ANALYSIS = YES;
				CLANG_WARN_STRICT_PROTOTYPES = YES;
				CLANG_WARN_SUSPICIOUS_MOVE = YES;
				CLANG_WARN_UNGUARDED_AVAILABILITY = YES_AGGRESSIVE;
				CLANG_WARN_UNREACHABLE_CODE = YES;
				CLANG_WARN__DUPLICATE_METHOD_MATCH = YES;
				COPY_PHASE_STRIP = NO;
				DEBUG_INFORMATION_FORMAT = dwarf;
				ENABLE_STRICT_OBJC_MSGSEND = YES;
				ENABLE_TESTABILITY = YES;
				ENABLE_USER_SCRIPT_SANDBOXING = YES;
				GCC_C_LANGUAGE_STANDARD = gnu17;
				GCC_DYNAMIC_NO_PIC = NO;
				GCC_NO_COMMON_BLOCKS = YES;
				GCC_OPTIMIZATION_LEVEL = 0;
				GCC_PREPROCESSOR_DEFINITIONS = (
					"DEBUG=1",
					"$(inherited)",
				);
				GCC_WARN_64_TO_32_BIT_CONVERSION = YES;
				GCC_WARN_ABOUT_RETURN_TYPE = YES_ERROR;
				GCC_WARN_UNDECLARED_SELECTOR = YES;
				GCC_WARN_UNINITIALIZED_AUTOS = YES_AGGRESSIVE;
				GCC_WARN_UNUSED_FUNCTION = YES;
				GCC_WARN_UNUSED_VARIABLE = YES;
				IPHONEOS_DEPLOYMENT_TARGET = 17.2;
				LOCALIZATION_PREFERS_STRING_CATALOGS = YES;
				MTL_ENABLE_DEBUG_INFO = INCLUDE_SOURCE;
				MTL_FAST_MATH = YES;
				ONLY_ACTIVE_ARCH = YES;
				SDKROOT = iphoneos;
				SWIFT_ACTIVE_COMPILATION_CONDITIONS = "DEBUG $(inherited)";
				SWIFT_OPTIMIZATION_LEVEL = "-Onone";
			};
			name = Debug;
		};
		0F1001FB2B6CA47F0050906E /* Release */ = {
			isa = XCBuildConfiguration;
			buildSettings = {
				ALWAYS_SEARCH_USER_PATHS = NO;
				ASSETCATALOG_COMPILER_GENERATE_SWIFT_ASSET_SYMBOL_EXTENSIONS = YES;
				CLANG_ANALYZER_NONNULL = YES;
				CLANG_ANALYZER_NUMBER_OBJECT_CONVERSION = YES_AGGRESSIVE;
				CLANG_CXX_LANGUAGE_STANDARD = "gnu++20";
				CLANG_ENABLE_MODULES = YES;
				CLANG_ENABLE_OBJC_ARC = YES;
				CLANG_ENABLE_OBJC_WEAK = YES;
				CLANG_WARN_BLOCK_CAPTURE_AUTORELEASING = YES;
				CLANG_WARN_BOOL_CONVERSION = YES;
				CLANG_WARN_COMMA = YES;
				CLANG_WARN_CONSTANT_CONVERSION = YES;
				CLANG_WARN_DEPRECATED_OBJC_IMPLEMENTATIONS = YES;
				CLANG_WARN_DIRECT_OBJC_ISA_USAGE = YES_ERROR;
				CLANG_WARN_DOCUMENTATION_COMMENTS = YES;
				CLANG_WARN_EMPTY_BODY = YES;
				CLANG_WARN_ENUM_CONVERSION = YES;
				CLANG_WARN_INFINITE_RECURSION = YES;
				CLANG_WARN_INT_CONVERSION = YES;
				CLANG_WARN_NON_LITERAL_NULL_CONVERSION = YES;
				CLANG_WARN_OBJC_IMPLICIT_RETAIN_SELF = YES;
				CLANG_WARN_OBJC_LITERAL_CONVERSION = YES;
				CLANG_WARN_OBJC_ROOT_CLASS = YES_ERROR;
				CLANG_WARN_QUOTED_INCLUDE_IN_FRAMEWORK_HEADER = YES;
				CLANG_WARN_RANGE_LOOP_ANALYSIS = YES;
				CLANG_WARN_STRICT_PROTOTYPES = YES;
				CLANG_WARN_SUSPICIOUS_MOVE = YES;
				CLANG_WARN_UNGUARDED_AVAILABILITY = YES_AGGRESSIVE;
				CLANG_WARN_UNREACHABLE_CODE = YES;
				CLANG_WARN__DUPLICATE_METHOD_MATCH = YES;
				COPY_PHASE_STRIP = NO;
				DEBUG_INFORMATION_FORMAT = "dwarf-with-dsym";
				ENABLE_NS_ASSERTIONS = NO;
				ENABLE_STRICT_OBJC_MSGSEND = YES;
				ENABLE_USER_SCRIPT_SANDBOXING = YES;
				GCC_C_LANGUAGE_STANDARD = gnu17;
				GCC_NO_COMMON_BLOCKS = YES;
				GCC_WARN_64_TO_32_BIT_CONVERSION = YES;
				GCC_WARN_ABOUT_RETURN_TYPE = YES_ERROR;
				GCC_WARN_UNDECLARED_SELECTOR = YES;
				GCC_WARN_UNINITIALIZED_AUTOS = YES_AGGRESSIVE;
				GCC_WARN_UNUSED_FUNCTION = YES;
				GCC_WARN_UNUSED_VARIABLE = YES;
				IPHONEOS_DEPLOYMENT_TARGET = 17.2;
				LOCALIZATION_PREFERS_STRING_CATALOGS = YES;
				MTL_ENABLE_DEBUG_INFO = NO;
				MTL_FAST_MATH = YES;
				SDKROOT = iphoneos;
				SWIFT_COMPILATION_MODE = wholemodule;
				VALIDATE_PRODUCT = YES;
			};
			name = Release;
		};
		0F1001FD2B6CA47F0050906E /* Debug */ = {
			isa = XCBuildConfiguration;
			buildSettings = {
				ASSETCATALOG_COMPILER_APPICON_NAME = AppIcon;
				ASSETCATALOG_COMPILER_GLOBAL_ACCENT_COLOR_NAME = AccentColor;
				CODE_SIGN_STYLE = Automatic;
				CURRENT_PROJECT_VERSION = 1;
				DEVELOPMENT_ASSET_PATHS = "\"iOS App Dev Keeme/Preview Content\"";
				DEVELOPMENT_TEAM = 7QKQ8LV932;
				ENABLE_PREVIEWS = YES;
				EXCLUDED_ARCHS = "";
				GENERATE_INFOPLIST_FILE = YES;
				INFOPLIST_FILE = "iOS-App-Dev-Keeme-Info.plist";
				INFOPLIST_KEY_NSCameraUsageDescription = "";
				INFOPLIST_KEY_NSMicrophoneUsageDescription = "";
				INFOPLIST_KEY_UIApplicationSceneManifest_Generation = YES;
				INFOPLIST_KEY_UIApplicationSupportsIndirectInputEvents = YES;
				INFOPLIST_KEY_UILaunchScreen_Generation = YES;
				INFOPLIST_KEY_UISupportedInterfaceOrientations_iPad = "UIInterfaceOrientationPortrait UIInterfaceOrientationPortraitUpsideDown UIInterfaceOrientationLandscapeLeft UIInterfaceOrientationLandscapeRight";
				INFOPLIST_KEY_UISupportedInterfaceOrientations_iPhone = "UIInterfaceOrientationPortrait UIInterfaceOrientationLandscapeLeft UIInterfaceOrientationLandscapeRight";
				LD_RUNPATH_SEARCH_PATHS = (
					"$(inherited)",
					"@executable_path/Frameworks",
				);
				MARKETING_VERSION = 1.0;
				PRODUCT_BUNDLE_IDENTIFIER = "kk4563-srmist.edu.in.iOS-App-Dev-Keeme";
				PRODUCT_NAME = "$(TARGET_NAME)";
				SWIFT_EMIT_LOC_STRINGS = YES;
				SWIFT_VERSION = 5.0;
				TARGETED_DEVICE_FAMILY = "1,2";
			};
			name = Debug;
		};
		0F1001FE2B6CA47F0050906E /* Release */ = {
			isa = XCBuildConfiguration;
			buildSettings = {
				ASSETCATALOG_COMPILER_APPICON_NAME = AppIcon;
				ASSETCATALOG_COMPILER_GLOBAL_ACCENT_COLOR_NAME = AccentColor;
				CODE_SIGN_STYLE = Automatic;
				CURRENT_PROJECT_VERSION = 1;
				DEVELOPMENT_ASSET_PATHS = "\"iOS App Dev Keeme/Preview Content\"";
				DEVELOPMENT_TEAM = 7QKQ8LV932;
				ENABLE_PREVIEWS = YES;
				EXCLUDED_ARCHS = "";
				GENERATE_INFOPLIST_FILE = YES;
				INFOPLIST_FILE = "iOS-App-Dev-Keeme-Info.plist";
				INFOPLIST_KEY_NSCameraUsageDescription = "";
				INFOPLIST_KEY_NSMicrophoneUsageDescription = "";
				INFOPLIST_KEY_UIApplicationSceneManifest_Generation = YES;
				INFOPLIST_KEY_UIApplicationSupportsIndirectInputEvents = YES;
				INFOPLIST_KEY_UILaunchScreen_Generation = YES;
				INFOPLIST_KEY_UISupportedInterfaceOrientations_iPad = "UIInterfaceOrientationPortrait UIInterfaceOrientationPortraitUpsideDown UIInterfaceOrientationLandscapeLeft UIInterfaceOrientationLandscapeRight";
				INFOPLIST_KEY_UISupportedInterfaceOrientations_iPhone = "UIInterfaceOrientationPortrait UIInterfaceOrientationLandscapeLeft UIInterfaceOrientationLandscapeRight";
				LD_RUNPATH_SEARCH_PATHS = (
					"$(inherited)",
					"@executable_path/Frameworks",
				);
				MARKETING_VERSION = 1.0;
				PRODUCT_BUNDLE_IDENTIFIER = "kk4563-srmist.edu.in.iOS-App-Dev-Keeme";
				PRODUCT_NAME = "$(TARGET_NAME)";
				SWIFT_EMIT_LOC_STRINGS = YES;
				SWIFT_VERSION = 5.0;
				TARGETED_DEVICE_FAMILY = "1,2";
			};
			name = Release;
		};
/* End XCBuildConfiguration section */

/* Begin XCConfigurationList section */
		0F1001E92B6CA47E0050906E /* Build configuration list for PBXProject "iOS App Dev Keeme" */ = {
			isa = XCConfigurationList;
			buildConfigurations = (
				0F1001FA2B6CA47F0050906E /* Debug */,
				0F1001FB2B6CA47F0050906E /* Release */,
			);
			defaultConfigurationIsVisible = 0;
			defaultConfigurationName = Release;
		};
		0F1001FC2B6CA47F0050906E /* Build configuration list for PBXNativeTarget "iOS App Dev Keeme" */ = {
			isa = XCConfigurationList;
			buildConfigurations = (
				0F1001FD2B6CA47F0050906E /* Debug */,
				0F1001FE2B6CA47F0050906E /* Release */,
			);
			defaultConfigurationIsVisible = 0;
			defaultConfigurationName = Release;
		};
/* End XCConfigurationList section */

/* Begin XCRemoteSwiftPackageReference section */
		0F1002382B6CA9AF0050906E /* XCRemoteSwiftPackageReference "SwiftUI-Introspect" */ = {
			isa = XCRemoteSwiftPackageReference;
			repositoryURL = "https://github.com/siteline/SwiftUI-Introspect";
			requirement = {
				kind = upToNextMajorVersion;
				minimumVersion = 1.1.2;
			};
		};
		0FBA81A92BA954A500ED034B /* XCRemoteSwiftPackageReference "firebase-ios-sdk" */ = {
			isa = XCRemoteSwiftPackageReference;
			repositoryURL = "https://github.com/firebase/firebase-ios-sdk";
			requirement = {
				kind = upToNextMajorVersion;
				minimumVersion = 10.22.1;
			};
		};
		0FDA2E282BAD2F4800497380 /* XCRemoteSwiftPackageReference "GoogleSignIn-iOS" */ = {
			isa = XCRemoteSwiftPackageReference;
			repositoryURL = "https://github.com/google/GoogleSignIn-iOS.git";
			requirement = {
				kind = upToNextMajorVersion;
				minimumVersion = 7.0.0;
			};
		};
		0FDCC4F62BB4BACF009D33D6 /* XCRemoteSwiftPackageReference "ChartView" */ = {
			isa = XCRemoteSwiftPackageReference;
			repositoryURL = "https://github.com/AppPear/ChartView";
			requirement = {
				kind = upToNextMajorVersion;
				minimumVersion = 1.5.5;
			};
		};
		0FDCC4FB2BB52FD9009D33D6 /* XCRemoteSwiftPackageReference "stream-video-swift" */ = {
			isa = XCRemoteSwiftPackageReference;
			repositoryURL = "https://github.com/GetStream/stream-video-swift";
			requirement = {
				kind = upToNextMajorVersion;
				minimumVersion = 0.5.3;
			};
		};
/* End XCRemoteSwiftPackageReference section */

/* Begin XCSwiftPackageProductDependency section */
		0FBA81AA2BA954A500ED034B /* FirebaseAnalytics */ = {
			isa = XCSwiftPackageProductDependency;
			package = 0FBA81A92BA954A500ED034B /* XCRemoteSwiftPackageReference "firebase-ios-sdk" */;
			productName = FirebaseAnalytics;
		};
		0FBA81AC2BA954A500ED034B /* FirebaseAnalyticsOnDeviceConversion */ = {
			isa = XCSwiftPackageProductDependency;
			package = 0FBA81A92BA954A500ED034B /* XCRemoteSwiftPackageReference "firebase-ios-sdk" */;
			productName = FirebaseAnalyticsOnDeviceConversion;
		};
		0FBA81AE2BA954A500ED034B /* FirebaseAnalyticsSwift */ = {
			isa = XCSwiftPackageProductDependency;
			package = 0FBA81A92BA954A500ED034B /* XCRemoteSwiftPackageReference "firebase-ios-sdk" */;
			productName = FirebaseAnalyticsSwift;
		};
		0FBA81B02BA954A500ED034B /* FirebaseAnalyticsWithoutAdIdSupport */ = {
			isa = XCSwiftPackageProductDependency;
			package = 0FBA81A92BA954A500ED034B /* XCRemoteSwiftPackageReference "firebase-ios-sdk" */;
			productName = FirebaseAnalyticsWithoutAdIdSupport;
		};
		0FBA81B22BA954A500ED034B /* FirebaseAppCheck */ = {
			isa = XCSwiftPackageProductDependency;
			package = 0FBA81A92BA954A500ED034B /* XCRemoteSwiftPackageReference "firebase-ios-sdk" */;
			productName = FirebaseAppCheck;
		};
		0FBA81B42BA954A500ED034B /* FirebaseAppDistribution-Beta */ = {
			isa = XCSwiftPackageProductDependency;
			package = 0FBA81A92BA954A500ED034B /* XCRemoteSwiftPackageReference "firebase-ios-sdk" */;
			productName = "FirebaseAppDistribution-Beta";
		};
		0FBA81B62BA954A500ED034B /* FirebaseAuth */ = {
			isa = XCSwiftPackageProductDependency;
			package = 0FBA81A92BA954A500ED034B /* XCRemoteSwiftPackageReference "firebase-ios-sdk" */;
			productName = FirebaseAuth;
		};
		0FBA81B82BA954A500ED034B /* FirebaseAuthCombine-Community */ = {
			isa = XCSwiftPackageProductDependency;
			package = 0FBA81A92BA954A500ED034B /* XCRemoteSwiftPackageReference "firebase-ios-sdk" */;
			productName = "FirebaseAuthCombine-Community";
		};
		0FBA81BA2BA954A500ED034B /* FirebaseCrashlytics */ = {
			isa = XCSwiftPackageProductDependency;
			package = 0FBA81A92BA954A500ED034B /* XCRemoteSwiftPackageReference "firebase-ios-sdk" */;
			productName = FirebaseCrashlytics;
		};
		0FBA81BC2BA954A500ED034B /* FirebaseDatabase */ = {
			isa = XCSwiftPackageProductDependency;
			package = 0FBA81A92BA954A500ED034B /* XCRemoteSwiftPackageReference "firebase-ios-sdk" */;
			productName = FirebaseDatabase;
		};
		0FBA81BE2BA954A500ED034B /* FirebaseDatabaseSwift */ = {
			isa = XCSwiftPackageProductDependency;
			package = 0FBA81A92BA954A500ED034B /* XCRemoteSwiftPackageReference "firebase-ios-sdk" */;
			productName = FirebaseDatabaseSwift;
		};
		0FBA81C02BA954A500ED034B /* FirebaseDynamicLinks */ = {
			isa = XCSwiftPackageProductDependency;
			package = 0FBA81A92BA954A500ED034B /* XCRemoteSwiftPackageReference "firebase-ios-sdk" */;
			productName = FirebaseDynamicLinks;
		};
		0FBA81C22BA954A500ED034B /* FirebaseFirestore */ = {
			isa = XCSwiftPackageProductDependency;
			package = 0FBA81A92BA954A500ED034B /* XCRemoteSwiftPackageReference "firebase-ios-sdk" */;
			productName = FirebaseFirestore;
		};
		0FBA81C42BA954A500ED034B /* FirebaseFirestoreCombine-Community */ = {
			isa = XCSwiftPackageProductDependency;
			package = 0FBA81A92BA954A500ED034B /* XCRemoteSwiftPackageReference "firebase-ios-sdk" */;
			productName = "FirebaseFirestoreCombine-Community";
		};
		0FBA81C62BA954A500ED034B /* FirebaseFirestoreSwift */ = {
			isa = XCSwiftPackageProductDependency;
			package = 0FBA81A92BA954A500ED034B /* XCRemoteSwiftPackageReference "firebase-ios-sdk" */;
			productName = FirebaseFirestoreSwift;
		};
		0FBA81C82BA954A500ED034B /* FirebaseFunctions */ = {
			isa = XCSwiftPackageProductDependency;
			package = 0FBA81A92BA954A500ED034B /* XCRemoteSwiftPackageReference "firebase-ios-sdk" */;
			productName = FirebaseFunctions;
		};
		0FBA81CA2BA954A500ED034B /* FirebaseFunctionsCombine-Community */ = {
			isa = XCSwiftPackageProductDependency;
			package = 0FBA81A92BA954A500ED034B /* XCRemoteSwiftPackageReference "firebase-ios-sdk" */;
			productName = "FirebaseFunctionsCombine-Community";
		};
		0FBA81CC2BA954A500ED034B /* FirebaseInAppMessaging-Beta */ = {
			isa = XCSwiftPackageProductDependency;
			package = 0FBA81A92BA954A500ED034B /* XCRemoteSwiftPackageReference "firebase-ios-sdk" */;
			productName = "FirebaseInAppMessaging-Beta";
		};
		0FBA81CE2BA954A500ED034B /* FirebaseInAppMessagingSwift-Beta */ = {
			isa = XCSwiftPackageProductDependency;
			package = 0FBA81A92BA954A500ED034B /* XCRemoteSwiftPackageReference "firebase-ios-sdk" */;
			productName = "FirebaseInAppMessagingSwift-Beta";
		};
		0FBA81D02BA954A500ED034B /* FirebaseInstallations */ = {
			isa = XCSwiftPackageProductDependency;
			package = 0FBA81A92BA954A500ED034B /* XCRemoteSwiftPackageReference "firebase-ios-sdk" */;
			productName = FirebaseInstallations;
		};
		0FBA81D22BA954A500ED034B /* FirebaseMLModelDownloader */ = {
			isa = XCSwiftPackageProductDependency;
			package = 0FBA81A92BA954A500ED034B /* XCRemoteSwiftPackageReference "firebase-ios-sdk" */;
			productName = FirebaseMLModelDownloader;
		};
		0FBA81D42BA954A500ED034B /* FirebaseMessaging */ = {
			isa = XCSwiftPackageProductDependency;
			package = 0FBA81A92BA954A500ED034B /* XCRemoteSwiftPackageReference "firebase-ios-sdk" */;
			productName = FirebaseMessaging;
		};
		0FBA81D62BA954A500ED034B /* FirebasePerformance */ = {
			isa = XCSwiftPackageProductDependency;
			package = 0FBA81A92BA954A500ED034B /* XCRemoteSwiftPackageReference "firebase-ios-sdk" */;
			productName = FirebasePerformance;
		};
		0FBA81D82BA954A500ED034B /* FirebaseRemoteConfig */ = {
			isa = XCSwiftPackageProductDependency;
			package = 0FBA81A92BA954A500ED034B /* XCRemoteSwiftPackageReference "firebase-ios-sdk" */;
			productName = FirebaseRemoteConfig;
		};
		0FBA81DA2BA954A500ED034B /* FirebaseRemoteConfigSwift */ = {
			isa = XCSwiftPackageProductDependency;
			package = 0FBA81A92BA954A500ED034B /* XCRemoteSwiftPackageReference "firebase-ios-sdk" */;
			productName = FirebaseRemoteConfigSwift;
		};
		0FBA81DC2BA954A500ED034B /* FirebaseStorage */ = {
			isa = XCSwiftPackageProductDependency;
			package = 0FBA81A92BA954A500ED034B /* XCRemoteSwiftPackageReference "firebase-ios-sdk" */;
			productName = FirebaseStorage;
		};
		0FBA81DE2BA954A500ED034B /* FirebaseStorageCombine-Community */ = {
			isa = XCSwiftPackageProductDependency;
			package = 0FBA81A92BA954A500ED034B /* XCRemoteSwiftPackageReference "firebase-ios-sdk" */;
			productName = "FirebaseStorageCombine-Community";
		};
		0FDA2E292BAD2F4800497380 /* GoogleSignIn */ = {
			isa = XCSwiftPackageProductDependency;
			package = 0FDA2E282BAD2F4800497380 /* XCRemoteSwiftPackageReference "GoogleSignIn-iOS" */;
			productName = GoogleSignIn;
		};
		0FDA2E2B2BAD2F4800497380 /* GoogleSignInSwift */ = {
			isa = XCSwiftPackageProductDependency;
			package = 0FDA2E282BAD2F4800497380 /* XCRemoteSwiftPackageReference "GoogleSignIn-iOS" */;
			productName = GoogleSignInSwift;
		};
		0FDCC4F72BB4BAD0009D33D6 /* SwiftUICharts */ = {
			isa = XCSwiftPackageProductDependency;
			package = 0FDCC4F62BB4BACF009D33D6 /* XCRemoteSwiftPackageReference "ChartView" */;
			productName = SwiftUICharts;
		};
		0FDCC4FC2BB52FD9009D33D6 /* StreamVideo */ = {
			isa = XCSwiftPackageProductDependency;
			package = 0FDCC4FB2BB52FD9009D33D6 /* XCRemoteSwiftPackageReference "stream-video-swift" */;
			productName = StreamVideo;
		};
		0FDCC4FE2BB52FD9009D33D6 /* StreamVideoSwiftUI */ = {
			isa = XCSwiftPackageProductDependency;
			package = 0FDCC4FB2BB52FD9009D33D6 /* XCRemoteSwiftPackageReference "stream-video-swift" */;
			productName = StreamVideoSwiftUI;
		};
		0FDCC5002BB52FD9009D33D6 /* StreamVideoUIKit */ = {
			isa = XCSwiftPackageProductDependency;
			package = 0FDCC4FB2BB52FD9009D33D6 /* XCRemoteSwiftPackageReference "stream-video-swift" */;
			productName = StreamVideoUIKit;
		};
/* End XCSwiftPackageProductDependency section */
	};
	rootObject = 0F1001E62B6CA47E0050906E /* Project object */;
}
