// !$*UTF8*$!
{
	archiveVersion = 1;
	classes = {
	};
	objectVersion = 56;
	objects = {

/* Begin PBXBuildFile section */
		0F1001F22B6CA47E0050906E /* iOS_App_Dev_KeemeApp.swift in Sources */ = {isa = PBXBuildFile; fileRef = 0F1001F12B6CA47E0050906E /* iOS_App_Dev_KeemeApp.swift */; };
		0F1001F42B6CA47E0050906E /* ContentView.swift in Sources */ = {isa = PBXBuildFile; fileRef = 0F1001F32B6CA47E0050906E /* ContentView.swift */; };
		0F1001F62B6CA47F0050906E /* Assets.xcassets in Resources */ = {isa = PBXBuildFile; fileRef = 0F1001F52B6CA47F0050906E /* Assets.xcassets */; };
		0F1001F92B6CA47F0050906E /* Preview Assets.xcassets in Resources */ = {isa = PBXBuildFile; fileRef = 0F1001F82B6CA47F0050906E /* Preview Assets.xcassets */; };
		0F10020D2B6CA7380050906E /* MainTabView.swift in Sources */ = {isa = PBXBuildFile; fileRef = 0F10020C2B6CA7380050906E /* MainTabView.swift */; };
		0F10020F2B6CA76B0050906E /* FavouritesView.swift in Sources */ = {isa = PBXBuildFile; fileRef = 0F10020E2B6CA76B0050906E /* FavouritesView.swift */; };
		0F1002112B6CA7980050906E /* FavouritesHeading.swift in Sources */ = {isa = PBXBuildFile; fileRef = 0F1002102B6CA7980050906E /* FavouritesHeading.swift */; };
		0F1002132B6CA8310050906E /* ArrangeSchedule.swift in Sources */ = {isa = PBXBuildFile; fileRef = 0F1002122B6CA8310050906E /* ArrangeSchedule.swift */; };
		0F1002152B6CA84B0050906E /* ScheduleHeading.swift in Sources */ = {isa = PBXBuildFile; fileRef = 0F1002142B6CA84B0050906E /* ScheduleHeading.swift */; };
		0F1002172B6CA8580050906E /* ScheduleView.swift in Sources */ = {isa = PBXBuildFile; fileRef = 0F1002162B6CA8580050906E /* ScheduleView.swift */; };
		0F1002192B6CA8930050906E /* SettingsView.swift in Sources */ = {isa = PBXBuildFile; fileRef = 0F1002182B6CA8930050906E /* SettingsView.swift */; };
		0F10021B2B6CA8A50050906E /* UserProfile.swift in Sources */ = {isa = PBXBuildFile; fileRef = 0F10021A2B6CA8A50050906E /* UserProfile.swift */; };
		0F10021D2B6CA8BB0050906E /* HomeView.swift in Sources */ = {isa = PBXBuildFile; fileRef = 0F10021C2B6CA8BB0050906E /* HomeView.swift */; };
		0F10021F2B6CA8C30050906E /* IntroView.swift in Sources */ = {isa = PBXBuildFile; fileRef = 0F10021E2B6CA8C30050906E /* IntroView.swift */; };
		0F1002212B6CA8CC0050906E /* Listings.swift in Sources */ = {isa = PBXBuildFile; fileRef = 0F1002202B6CA8CC0050906E /* Listings.swift */; };
		0F1002232B6CA8D20050906E /* PieChartView.swift in Sources */ = {isa = PBXBuildFile; fileRef = 0F1002222B6CA8D20050906E /* PieChartView.swift */; };
		0F1002252B6CA8DA0050906E /* BuddyView.swift in Sources */ = {isa = PBXBuildFile; fileRef = 0F1002242B6CA8DA0050906E /* BuddyView.swift */; };
		0F1002272B6CA8E20050906E /* HomeScheduleBar.swift in Sources */ = {isa = PBXBuildFile; fileRef = 0F1002262B6CA8E20050906E /* HomeScheduleBar.swift */; };
		0F1002292B6CA8E90050906E /* PieData.swift in Sources */ = {isa = PBXBuildFile; fileRef = 0F1002282B6CA8E90050906E /* PieData.swift */; };
		0F10022B2B6CA8F70050906E /* Listing.swift in Sources */ = {isa = PBXBuildFile; fileRef = 0F10022A2B6CA8F70050906E /* Listing.swift */; };
		0F10022D2B6CA9300050906E /* CustomCorners.swift in Sources */ = {isa = PBXBuildFile; fileRef = 0F10022C2B6CA9300050906E /* CustomCorners.swift */; };
		0F10022F2B6CA9400050906E /* LoginPage1.swift in Sources */ = {isa = PBXBuildFile; fileRef = 0F10022E2B6CA9400050906E /* LoginPage1.swift */; };
		0F1002312B6CA9480050906E /* Logo1.swift in Sources */ = {isa = PBXBuildFile; fileRef = 0F1002302B6CA9480050906E /* Logo1.swift */; };
		0F1002332B6CA94D0050906E /* LoginPageModel.swift in Sources */ = {isa = PBXBuildFile; fileRef = 0F1002322B6CA94D0050906E /* LoginPageModel.swift */; };
		0F1002352B6CA95F0050906E /* KeemeSpaceView.swift in Sources */ = {isa = PBXBuildFile; fileRef = 0F1002342B6CA95F0050906E /* KeemeSpaceView.swift */; };
		0F1002372B6CA9650050906E /* cc.gif in Resources */ = {isa = PBXBuildFile; fileRef = 0F1002362B6CA9650050906E /* cc.gif */; };
		0F10023A2B6CA9AF0050906E /* SwiftUIIntrospect in Frameworks */ = {isa = PBXBuildFile; productRef = 0F1002392B6CA9AF0050906E /* SwiftUIIntrospect */; };
		0F10023C2B6CA9AF0050906E /* SwiftUIIntrospect-Dynamic in Frameworks */ = {isa = PBXBuildFile; productRef = 0F10023B2B6CA9AF0050906E /* SwiftUIIntrospect-Dynamic */; };
		0F10023E2B6CA9AF0050906E /* SwiftUIIntrospect-Static in Frameworks */ = {isa = PBXBuildFile; productRef = 0F10023D2B6CA9AF0050906E /* SwiftUIIntrospect-Static */; };
		0F1002492B6CE3DF0050906E /* UserK.swift in Sources */ = {isa = PBXBuildFile; fileRef = 0F1002482B6CE3DF0050906E /* UserK.swift */; };
		0F59C1DF2B6D59E900C5BE68 /* DataSchema.swift in Sources */ = {isa = PBXBuildFile; fileRef = 0F59C1DE2B6D59E900C5BE68 /* DataSchema.swift */; };
		0F5F5EDE2B904B810089EE71 /* User.swift in Sources */ = {isa = PBXBuildFile; fileRef = 0F5F5EDD2B904B810089EE71 /* User.swift */; };
		0F5F5EE02B904D920089EE71 /* KeemeSpace.swift in Sources */ = {isa = PBXBuildFile; fileRef = 0F5F5EDF2B904D920089EE71 /* KeemeSpace.swift */; };
		0F71C0552B92537500C48015 /* UserSamples.swift in Sources */ = {isa = PBXBuildFile; fileRef = 0F71C0542B92537500C48015 /* UserSamples.swift */; };
		0FBD49932B73C5BD0029A2FE /* DataModels.swift in Sources */ = {isa = PBXBuildFile; fileRef = 0FBD49922B73C5BD0029A2FE /* DataModels.swift */; };
		0FBD49962B74B7680029A2FE /* SwiftData.framework in Frameworks */ = {isa = PBXBuildFile; fileRef = 0FBD49952B74B7680029A2FE /* SwiftData.framework */; };
		0FBD499A2B7523280029A2FE /* SampleData.swift in Sources */ = {isa = PBXBuildFile; fileRef = 0FBD49992B7523280029A2FE /* SampleData.swift */; };
		0FBD499C2B75289C0029A2FE /* PreviewContainer.swift in Sources */ = {isa = PBXBuildFile; fileRef = 0FBD499B2B75289C0029A2FE /* PreviewContainer.swift */; };
/* End PBXBuildFile section */

/* Begin PBXFileReference section */
		0F1001EE2B6CA47E0050906E /* iOS App Dev Keeme.app */ = {isa = PBXFileReference; explicitFileType = wrapper.application; includeInIndex = 0; path = "iOS App Dev Keeme.app"; sourceTree = BUILT_PRODUCTS_DIR; };
		0F1001F12B6CA47E0050906E /* iOS_App_Dev_KeemeApp.swift */ = {isa = PBXFileReference; lastKnownFileType = sourcecode.swift; path = iOS_App_Dev_KeemeApp.swift; sourceTree = "<group>"; };
		0F1001F32B6CA47E0050906E /* ContentView.swift */ = {isa = PBXFileReference; lastKnownFileType = sourcecode.swift; path = ContentView.swift; sourceTree = "<group>"; };
		0F1001F52B6CA47F0050906E /* Assets.xcassets */ = {isa = PBXFileReference; lastKnownFileType = folder.assetcatalog; path = Assets.xcassets; sourceTree = "<group>"; };
		0F1001F82B6CA47F0050906E /* Preview Assets.xcassets */ = {isa = PBXFileReference; lastKnownFileType = folder.assetcatalog; path = "Preview Assets.xcassets"; sourceTree = "<group>"; };
		0F10020C2B6CA7380050906E /* MainTabView.swift */ = {isa = PBXFileReference; lastKnownFileType = sourcecode.swift; path = MainTabView.swift; sourceTree = "<group>"; };
		0F10020E2B6CA76B0050906E /* FavouritesView.swift */ = {isa = PBXFileReference; lastKnownFileType = sourcecode.swift; path = FavouritesView.swift; sourceTree = "<group>"; };
		0F1002102B6CA7980050906E /* FavouritesHeading.swift */ = {isa = PBXFileReference; lastKnownFileType = sourcecode.swift; path = FavouritesHeading.swift; sourceTree = "<group>"; };
		0F1002122B6CA8310050906E /* ArrangeSchedule.swift */ = {isa = PBXFileReference; fileEncoding = 4; lastKnownFileType = sourcecode.swift; path = ArrangeSchedule.swift; sourceTree = "<group>"; };
		0F1002142B6CA84B0050906E /* ScheduleHeading.swift */ = {isa = PBXFileReference; fileEncoding = 4; lastKnownFileType = sourcecode.swift; path = ScheduleHeading.swift; sourceTree = "<group>"; };
		0F1002162B6CA8580050906E /* ScheduleView.swift */ = {isa = PBXFileReference; fileEncoding = 4; lastKnownFileType = sourcecode.swift; path = ScheduleView.swift; sourceTree = "<group>"; };
		0F1002182B6CA8930050906E /* SettingsView.swift */ = {isa = PBXFileReference; fileEncoding = 4; lastKnownFileType = sourcecode.swift; path = SettingsView.swift; sourceTree = "<group>"; };
		0F10021A2B6CA8A50050906E /* UserProfile.swift */ = {isa = PBXFileReference; fileEncoding = 4; lastKnownFileType = sourcecode.swift; path = UserProfile.swift; sourceTree = "<group>"; };
		0F10021C2B6CA8BB0050906E /* HomeView.swift */ = {isa = PBXFileReference; fileEncoding = 4; lastKnownFileType = sourcecode.swift; path = HomeView.swift; sourceTree = "<group>"; };
		0F10021E2B6CA8C30050906E /* IntroView.swift */ = {isa = PBXFileReference; fileEncoding = 4; lastKnownFileType = sourcecode.swift; path = IntroView.swift; sourceTree = "<group>"; };
		0F1002202B6CA8CC0050906E /* Listings.swift */ = {isa = PBXFileReference; fileEncoding = 4; lastKnownFileType = sourcecode.swift; path = Listings.swift; sourceTree = "<group>"; };
		0F1002222B6CA8D20050906E /* PieChartView.swift */ = {isa = PBXFileReference; fileEncoding = 4; lastKnownFileType = sourcecode.swift; path = PieChartView.swift; sourceTree = "<group>"; };
		0F1002242B6CA8DA0050906E /* BuddyView.swift */ = {isa = PBXFileReference; fileEncoding = 4; lastKnownFileType = sourcecode.swift; path = BuddyView.swift; sourceTree = "<group>"; };
		0F1002262B6CA8E20050906E /* HomeScheduleBar.swift */ = {isa = PBXFileReference; fileEncoding = 4; lastKnownFileType = sourcecode.swift; path = HomeScheduleBar.swift; sourceTree = "<group>"; };
		0F1002282B6CA8E90050906E /* PieData.swift */ = {isa = PBXFileReference; fileEncoding = 4; lastKnownFileType = sourcecode.swift; path = PieData.swift; sourceTree = "<group>"; };
		0F10022A2B6CA8F70050906E /* Listing.swift */ = {isa = PBXFileReference; fileEncoding = 4; lastKnownFileType = sourcecode.swift; path = Listing.swift; sourceTree = "<group>"; };
		0F10022C2B6CA9300050906E /* CustomCorners.swift */ = {isa = PBXFileReference; fileEncoding = 4; lastKnownFileType = sourcecode.swift; path = CustomCorners.swift; sourceTree = "<group>"; };
		0F10022E2B6CA9400050906E /* LoginPage1.swift */ = {isa = PBXFileReference; fileEncoding = 4; lastKnownFileType = sourcecode.swift; path = LoginPage1.swift; sourceTree = "<group>"; };
		0F1002302B6CA9480050906E /* Logo1.swift */ = {isa = PBXFileReference; fileEncoding = 4; lastKnownFileType = sourcecode.swift; path = Logo1.swift; sourceTree = "<group>"; };
		0F1002322B6CA94D0050906E /* LoginPageModel.swift */ = {isa = PBXFileReference; fileEncoding = 4; lastKnownFileType = sourcecode.swift; path = LoginPageModel.swift; sourceTree = "<group>"; };
		0F1002342B6CA95F0050906E /* KeemeSpaceView.swift */ = {isa = PBXFileReference; fileEncoding = 4; lastKnownFileType = sourcecode.swift; path = KeemeSpaceView.swift; sourceTree = "<group>"; };
		0F1002362B6CA9650050906E /* cc.gif */ = {isa = PBXFileReference; lastKnownFileType = image.gif; path = cc.gif; sourceTree = "<group>"; };
		0F1002482B6CE3DF0050906E /* UserK.swift */ = {isa = PBXFileReference; lastKnownFileType = sourcecode.swift; path = UserK.swift; sourceTree = "<group>"; };
		0F59C1DE2B6D59E900C5BE68 /* DataSchema.swift */ = {isa = PBXFileReference; lastKnownFileType = sourcecode.swift; path = DataSchema.swift; sourceTree = "<group>"; };
		0F5F5EDD2B904B810089EE71 /* User.swift */ = {isa = PBXFileReference; lastKnownFileType = sourcecode.swift; path = User.swift; sourceTree = "<group>"; };
		0F5F5EDF2B904D920089EE71 /* KeemeSpace.swift */ = {isa = PBXFileReference; lastKnownFileType = sourcecode.swift; path = KeemeSpace.swift; sourceTree = "<group>"; };
		0F71C0542B92537500C48015 /* UserSamples.swift */ = {isa = PBXFileReference; lastKnownFileType = sourcecode.swift; path = UserSamples.swift; sourceTree = "<group>"; };
		0FBD49922B73C5BD0029A2FE /* DataModels.swift */ = {isa = PBXFileReference; lastKnownFileType = sourcecode.swift; path = DataModels.swift; sourceTree = "<group>"; };
		0FBD49952B74B7680029A2FE /* SwiftData.framework */ = {isa = PBXFileReference; lastKnownFileType = wrapper.framework; name = SwiftData.framework; path = System/Library/Frameworks/SwiftData.framework; sourceTree = SDKROOT; };
		0FBD49992B7523280029A2FE /* SampleData.swift */ = {isa = PBXFileReference; lastKnownFileType = sourcecode.swift; path = SampleData.swift; sourceTree = "<group>"; };
		0FBD499B2B75289C0029A2FE /* PreviewContainer.swift */ = {isa = PBXFileReference; lastKnownFileType = sourcecode.swift; path = PreviewContainer.swift; sourceTree = "<group>"; };
/* End PBXFileReference section */

/* Begin PBXFrameworksBuildPhase section */
		0F1001EB2B6CA47E0050906E /* Frameworks */ = {
			isa = PBXFrameworksBuildPhase;
			buildActionMask = 2147483647;
			files = (
				0F10023A2B6CA9AF0050906E /* SwiftUIIntrospect in Frameworks */,
				0F10023C2B6CA9AF0050906E /* SwiftUIIntrospect-Dynamic in Frameworks */,
				0FBD49962B74B7680029A2FE /* SwiftData.framework in Frameworks */,
				0F10023E2B6CA9AF0050906E /* SwiftUIIntrospect-Static in Frameworks */,
			);
			runOnlyForDeploymentPostprocessing = 0;
		};
/* End PBXFrameworksBuildPhase section */

/* Begin PBXGroup section */
		0F1001E52B6CA47E0050906E = {
			isa = PBXGroup;
			children = (
				0F1001F02B6CA47E0050906E /* iOS App Dev Keeme */,
				0F1001EF2B6CA47E0050906E /* Products */,
				0FBD49942B74B7680029A2FE /* Frameworks */,
			);
			sourceTree = "<group>";
		};
		0F1001EF2B6CA47E0050906E /* Products */ = {
			isa = PBXGroup;
			children = (
				0F1001EE2B6CA47E0050906E /* iOS App Dev Keeme.app */,
			);
			name = Products;
			sourceTree = "<group>";
		};
		0F1001F02B6CA47E0050906E /* iOS App Dev Keeme */ = {
			isa = PBXGroup;
			children = (
				0F1001FF2B6CA4C30050906E /* App */,
				0F1002002B6CA5570050906E /* Core */,
				0F1002032B6CA5B40050906E /* Utils */,
				0F1002472B6CE28D0050906E /* Models */,
				0F10024A2B6CE4590050906E /* Extensions */,
				0F1001F32B6CA47E0050906E /* ContentView.swift */,
				0F1001F52B6CA47F0050906E /* Assets.xcassets */,
				0F1001F72B6CA47F0050906E /* Preview Content */,
			);
			path = "iOS App Dev Keeme";
			sourceTree = "<group>";
		};
		0F1001F72B6CA47F0050906E /* Preview Content */ = {
			isa = PBXGroup;
			children = (
				0F1001F82B6CA47F0050906E /* Preview Assets.xcassets */,
				0FBD49992B7523280029A2FE /* SampleData.swift */,
				0FBD499B2B75289C0029A2FE /* PreviewContainer.swift */,
				0F71C0542B92537500C48015 /* UserSamples.swift */,
			);
			path = "Preview Content";
			sourceTree = "<group>";
		};
		0F1001FF2B6CA4C30050906E /* App */ = {
			isa = PBXGroup;
			children = (
				0F1001F12B6CA47E0050906E /* iOS_App_Dev_KeemeApp.swift */,
			);
			path = App;
			sourceTree = "<group>";
		};
		0F1002002B6CA5570050906E /* Core */ = {
			isa = PBXGroup;
			children = (
				0F1002042B6CA61A0050906E /* KeemeSpace */,
				0F1002052B6CA6280050906E /* Login */,
				0F1002062B6CA6340050906E /* Home */,
				0F1002072B6CA63A0050906E /* Settings */,
				0F1002082B6CA64C0050906E /* Schedule */,
				0F10020B2B6CA6810050906E /* Favourites */,
				0F10020A2B6CA6770050906E /* Profile */,
				0F1002092B6CA65C0050906E /* TabView */,
			);
			path = Core;
			sourceTree = "<group>";
		};
		0F1002032B6CA5B40050906E /* Utils */ = {
			isa = PBXGroup;
			children = (
			);
			path = Utils;
			sourceTree = "<group>";
		};
		0F1002042B6CA61A0050906E /* KeemeSpace */ = {
			isa = PBXGroup;
			children = (
				0F1002342B6CA95F0050906E /* KeemeSpaceView.swift */,
				0F1002362B6CA9650050906E /* cc.gif */,
			);
			path = KeemeSpace;
			sourceTree = "<group>";
		};
		0F1002052B6CA6280050906E /* Login */ = {
			isa = PBXGroup;
			children = (
				0F10022C2B6CA9300050906E /* CustomCorners.swift */,
				0F10022E2B6CA9400050906E /* LoginPage1.swift */,
				0F1002302B6CA9480050906E /* Logo1.swift */,
				0F1002322B6CA94D0050906E /* LoginPageModel.swift */,
			);
			path = Login;
			sourceTree = "<group>";
		};
		0F1002062B6CA6340050906E /* Home */ = {
			isa = PBXGroup;
			children = (
				0F10021C2B6CA8BB0050906E /* HomeView.swift */,
				0F10021E2B6CA8C30050906E /* IntroView.swift */,
				0F1002202B6CA8CC0050906E /* Listings.swift */,
				0F1002222B6CA8D20050906E /* PieChartView.swift */,
				0F1002242B6CA8DA0050906E /* BuddyView.swift */,
				0F1002262B6CA8E20050906E /* HomeScheduleBar.swift */,
				0F1002282B6CA8E90050906E /* PieData.swift */,
				0F10022A2B6CA8F70050906E /* Listing.swift */,
			);
			path = Home;
			sourceTree = "<group>";
		};
		0F1002072B6CA63A0050906E /* Settings */ = {
			isa = PBXGroup;
			children = (
				0F1002182B6CA8930050906E /* SettingsView.swift */,
				0F10021A2B6CA8A50050906E /* UserProfile.swift */,
			);
			path = Settings;
			sourceTree = "<group>";
		};
		0F1002082B6CA64C0050906E /* Schedule */ = {
			isa = PBXGroup;
			children = (
				0F1002162B6CA8580050906E /* ScheduleView.swift */,
				0F1002122B6CA8310050906E /* ArrangeSchedule.swift */,
				0F1002142B6CA84B0050906E /* ScheduleHeading.swift */,
			);
			path = Schedule;
			sourceTree = "<group>";
		};
		0F1002092B6CA65C0050906E /* TabView */ = {
			isa = PBXGroup;
			children = (
				0F10020C2B6CA7380050906E /* MainTabView.swift */,
			);
			path = TabView;
			sourceTree = "<group>";
		};
		0F10020A2B6CA6770050906E /* Profile */ = {
			isa = PBXGroup;
			children = (
			);
			path = Profile;
			sourceTree = "<group>";
		};
		0F10020B2B6CA6810050906E /* Favourites */ = {
			isa = PBXGroup;
			children = (
				0F10020E2B6CA76B0050906E /* FavouritesView.swift */,
				0F1002102B6CA7980050906E /* FavouritesHeading.swift */,
			);
			path = Favourites;
			sourceTree = "<group>";
		};
		0F1002472B6CE28D0050906E /* Models */ = {
			isa = PBXGroup;
			children = (
				0F1002482B6CE3DF0050906E /* UserK.swift */,
				0F59C1DE2B6D59E900C5BE68 /* DataSchema.swift */,
				0FBD49922B73C5BD0029A2FE /* DataModels.swift */,
				0F5F5EDD2B904B810089EE71 /* User.swift */,
				0F5F5EDF2B904D920089EE71 /* KeemeSpace.swift */,
			);
			path = Models;
			sourceTree = "<group>";
		};
		0F10024A2B6CE4590050906E /* Extensions */ = {
			isa = PBXGroup;
			children = (
			);
			path = Extensions;
			sourceTree = "<group>";
		};
		0FBD49942B74B7680029A2FE /* Frameworks */ = {
			isa = PBXGroup;
			children = (
				0FBD49952B74B7680029A2FE /* SwiftData.framework */,
			);
			name = Frameworks;
			sourceTree = "<group>";
		};
/* End PBXGroup section */

/* Begin PBXNativeTarget section */
		0F1001ED2B6CA47E0050906E /* iOS App Dev Keeme */ = {
			isa = PBXNativeTarget;
			buildConfigurationList = 0F1001FC2B6CA47F0050906E /* Build configuration list for PBXNativeTarget "iOS App Dev Keeme" */;
			buildPhases = (
				0F1001EA2B6CA47E0050906E /* Sources */,
				0F1001EB2B6CA47E0050906E /* Frameworks */,
				0F1001EC2B6CA47E0050906E /* Resources */,
			);
			buildRules = (
			);
			dependencies = (
			);
			name = "iOS App Dev Keeme";
			packageProductDependencies = (
				0F1002392B6CA9AF0050906E /* SwiftUIIntrospect */,
				0F10023B2B6CA9AF0050906E /* SwiftUIIntrospect-Dynamic */,
				0F10023D2B6CA9AF0050906E /* SwiftUIIntrospect-Static */,
			);
			productName = "iOS App Dev Keeme";
			productReference = 0F1001EE2B6CA47E0050906E /* iOS App Dev Keeme.app */;
			productType = "com.apple.product-type.application";
		};
/* End PBXNativeTarget section */

/* Begin PBXProject section */
		0F1001E62B6CA47E0050906E /* Project object */ = {
			isa = PBXProject;
			attributes = {
				BuildIndependentTargetsInParallel = 1;
				LastSwiftUpdateCheck = 1520;
				LastUpgradeCheck = 1520;
				TargetAttributes = {
					0F1001ED2B6CA47E0050906E = {
						CreatedOnToolsVersion = 15.2;
					};
				};
			};
			buildConfigurationList = 0F1001E92B6CA47E0050906E /* Build configuration list for PBXProject "iOS App Dev Keeme" */;
			compatibilityVersion = "Xcode 14.0";
			developmentRegion = en;
			hasScannedForEncodings = 0;
			knownRegions = (
				en,
				Base,
			);
			mainGroup = 0F1001E52B6CA47E0050906E;
			packageReferences = (
				0F1002382B6CA9AF0050906E /* XCRemoteSwiftPackageReference "SwiftUI-Introspect" */,
			);
			productRefGroup = 0F1001EF2B6CA47E0050906E /* Products */;
			projectDirPath = "";
			projectRoot = "";
			targets = (
				0F1001ED2B6CA47E0050906E /* iOS App Dev Keeme */,
			);
		};
/* End PBXProject section */

/* Begin PBXResourcesBuildPhase section */
		0F1001EC2B6CA47E0050906E /* Resources */ = {
			isa = PBXResourcesBuildPhase;
			buildActionMask = 2147483647;
			files = (
				0F1002372B6CA9650050906E /* cc.gif in Resources */,
				0F1001F92B6CA47F0050906E /* Preview Assets.xcassets in Resources */,
				0F1001F62B6CA47F0050906E /* Assets.xcassets in Resources */,
			);
			runOnlyForDeploymentPostprocessing = 0;
		};
/* End PBXResourcesBuildPhase section */

/* Begin PBXSourcesBuildPhase section */
		0F1001EA2B6CA47E0050906E /* Sources */ = {
			isa = PBXSourcesBuildPhase;
			buildActionMask = 2147483647;
			files = (
				0F1002232B6CA8D20050906E /* PieChartView.swift in Sources */,
				0F1002152B6CA84B0050906E /* ScheduleHeading.swift in Sources */,
				0F1002252B6CA8DA0050906E /* BuddyView.swift in Sources */,
				0F1001F42B6CA47E0050906E /* ContentView.swift in Sources */,
				0F10021B2B6CA8A50050906E /* UserProfile.swift in Sources */,
				0F10022D2B6CA9300050906E /* CustomCorners.swift in Sources */,
				0F1001F22B6CA47E0050906E /* iOS_App_Dev_KeemeApp.swift in Sources */,
				0FBD499A2B7523280029A2FE /* SampleData.swift in Sources */,
				0F5F5EDE2B904B810089EE71 /* User.swift in Sources */,
				0FBD49932B73C5BD0029A2FE /* DataModels.swift in Sources */,
				0F1002292B6CA8E90050906E /* PieData.swift in Sources */,
				0F1002492B6CE3DF0050906E /* UserK.swift in Sources */,
				0F1002192B6CA8930050906E /* SettingsView.swift in Sources */,
				0F10021F2B6CA8C30050906E /* IntroView.swift in Sources */,
				0F1002332B6CA94D0050906E /* LoginPageModel.swift in Sources */,
				0F10022F2B6CA9400050906E /* LoginPage1.swift in Sources */,
				0F1002352B6CA95F0050906E /* KeemeSpaceView.swift in Sources */,
				0F10021D2B6CA8BB0050906E /* HomeView.swift in Sources */,
				0F5F5EE02B904D920089EE71 /* KeemeSpace.swift in Sources */,
				0F10022B2B6CA8F70050906E /* Listing.swift in Sources */,
				0F10020F2B6CA76B0050906E /* FavouritesView.swift in Sources */,
				0F1002132B6CA8310050906E /* ArrangeSchedule.swift in Sources */,
				0F71C0552B92537500C48015 /* UserSamples.swift in Sources */,
				0F1002272B6CA8E20050906E /* HomeScheduleBar.swift in Sources */,
				0F1002312B6CA9480050906E /* Logo1.swift in Sources */,
				0F1002172B6CA8580050906E /* ScheduleView.swift in Sources */,
				0F10020D2B6CA7380050906E /* MainTabView.swift in Sources */,
				0F1002212B6CA8CC0050906E /* Listings.swift in Sources */,
				0F1002112B6CA7980050906E /* FavouritesHeading.swift in Sources */,
				0FBD499C2B75289C0029A2FE /* PreviewContainer.swift in Sources */,
				0F59C1DF2B6D59E900C5BE68 /* DataSchema.swift in Sources */,
			);
			runOnlyForDeploymentPostprocessing = 0;
		};
/* End PBXSourcesBuildPhase section */

/* Begin XCBuildConfiguration section */
		0F1001FA2B6CA47F0050906E /* Debug */ = {
			isa = XCBuildConfiguration;
			buildSettings = {
				ALWAYS_SEARCH_USER_PATHS = NO;
				ASSETCATALOG_COMPILER_GENERATE_SWIFT_ASSET_SYMBOL_EXTENSIONS = YES;
				CLANG_ANALYZER_NONNULL = YES;
				CLANG_ANALYZER_NUMBER_OBJECT_CONVERSION = YES_AGGRESSIVE;
				CLANG_CXX_LANGUAGE_STANDARD = "gnu++20";
				CLANG_ENABLE_MODULES = YES;
				CLANG_ENABLE_OBJC_ARC = YES;
				CLANG_ENABLE_OBJC_WEAK = YES;
				CLANG_WARN_BLOCK_CAPTURE_AUTORELEASING = YES;
				CLANG_WARN_BOOL_CONVERSION = YES;
				CLANG_WARN_COMMA = YES;
				CLANG_WARN_CONSTANT_CONVERSION = YES;
				CLANG_WARN_DEPRECATED_OBJC_IMPLEMENTATIONS = YES;
				CLANG_WARN_DIRECT_OBJC_ISA_USAGE = YES_ERROR;
				CLANG_WARN_DOCUMENTATION_COMMENTS = YES;
				CLANG_WARN_EMPTY_BODY = YES;
				CLANG_WARN_ENUM_CONVERSION = YES;
				CLANG_WARN_INFINITE_RECURSION = YES;
				CLANG_WARN_INT_CONVERSION = YES;
				CLANG_WARN_NON_LITERAL_NULL_CONVERSION = YES;
				CLANG_WARN_OBJC_IMPLICIT_RETAIN_SELF = YES;
				CLANG_WARN_OBJC_LITERAL_CONVERSION = YES;
				CLANG_WARN_OBJC_ROOT_CLASS = YES_ERROR;
				CLANG_WARN_QUOTED_INCLUDE_IN_FRAMEWORK_HEADER = YES;
				CLANG_WARN_RANGE_LOOP_ANALYSIS = YES;
				CLANG_WARN_STRICT_PROTOTYPES = YES;
				CLANG_WARN_SUSPICIOUS_MOVE = YES;
				CLANG_WARN_UNGUARDED_AVAILABILITY = YES_AGGRESSIVE;
				CLANG_WARN_UNREACHABLE_CODE = YES;
				CLANG_WARN__DUPLICATE_METHOD_MATCH = YES;
				COPY_PHASE_STRIP = NO;
				DEBUG_INFORMATION_FORMAT = dwarf;
				ENABLE_STRICT_OBJC_MSGSEND = YES;
				ENABLE_TESTABILITY = YES;
				ENABLE_USER_SCRIPT_SANDBOXING = YES;
				GCC_C_LANGUAGE_STANDARD = gnu17;
				GCC_DYNAMIC_NO_PIC = NO;
				GCC_NO_COMMON_BLOCKS = YES;
				GCC_OPTIMIZATION_LEVEL = 0;
				GCC_PREPROCESSOR_DEFINITIONS = (
					"DEBUG=1",
					"$(inherited)",
				);
				GCC_WARN_64_TO_32_BIT_CONVERSION = YES;
				GCC_WARN_ABOUT_RETURN_TYPE = YES_ERROR;
				GCC_WARN_UNDECLARED_SELECTOR = YES;
				GCC_WARN_UNINITIALIZED_AUTOS = YES_AGGRESSIVE;
				GCC_WARN_UNUSED_FUNCTION = YES;
				GCC_WARN_UNUSED_VARIABLE = YES;
				IPHONEOS_DEPLOYMENT_TARGET = 17.2;
				LOCALIZATION_PREFERS_STRING_CATALOGS = YES;
				MTL_ENABLE_DEBUG_INFO = INCLUDE_SOURCE;
				MTL_FAST_MATH = YES;
				ONLY_ACTIVE_ARCH = YES;
				SDKROOT = iphoneos;
				SWIFT_ACTIVE_COMPILATION_CONDITIONS = "DEBUG $(inherited)";
				SWIFT_OPTIMIZATION_LEVEL = "-Onone";
			};
			name = Debug;
		};
		0F1001FB2B6CA47F0050906E /* Release */ = {
			isa = XCBuildConfiguration;
			buildSettings = {
				ALWAYS_SEARCH_USER_PATHS = NO;
				ASSETCATALOG_COMPILER_GENERATE_SWIFT_ASSET_SYMBOL_EXTENSIONS = YES;
				CLANG_ANALYZER_NONNULL = YES;
				CLANG_ANALYZER_NUMBER_OBJECT_CONVERSION = YES_AGGRESSIVE;
				CLANG_CXX_LANGUAGE_STANDARD = "gnu++20";
				CLANG_ENABLE_MODULES = YES;
				CLANG_ENABLE_OBJC_ARC = YES;
				CLANG_ENABLE_OBJC_WEAK = YES;
				CLANG_WARN_BLOCK_CAPTURE_AUTORELEASING = YES;
				CLANG_WARN_BOOL_CONVERSION = YES;
				CLANG_WARN_COMMA = YES;
				CLANG_WARN_CONSTANT_CONVERSION = YES;
				CLANG_WARN_DEPRECATED_OBJC_IMPLEMENTATIONS = YES;
				CLANG_WARN_DIRECT_OBJC_ISA_USAGE = YES_ERROR;
				CLANG_WARN_DOCUMENTATION_COMMENTS = YES;
				CLANG_WARN_EMPTY_BODY = YES;
				CLANG_WARN_ENUM_CONVERSION = YES;
				CLANG_WARN_INFINITE_RECURSION = YES;
				CLANG_WARN_INT_CONVERSION = YES;
				CLANG_WARN_NON_LITERAL_NULL_CONVERSION = YES;
				CLANG_WARN_OBJC_IMPLICIT_RETAIN_SELF = YES;
				CLANG_WARN_OBJC_LITERAL_CONVERSION = YES;
				CLANG_WARN_OBJC_ROOT_CLASS = YES_ERROR;
				CLANG_WARN_QUOTED_INCLUDE_IN_FRAMEWORK_HEADER = YES;
				CLANG_WARN_RANGE_LOOP_ANALYSIS = YES;
				CLANG_WARN_STRICT_PROTOTYPES = YES;
				CLANG_WARN_SUSPICIOUS_MOVE = YES;
				CLANG_WARN_UNGUARDED_AVAILABILITY = YES_AGGRESSIVE;
				CLANG_WARN_UNREACHABLE_CODE = YES;
				CLANG_WARN__DUPLICATE_METHOD_MATCH = YES;
				COPY_PHASE_STRIP = NO;
				DEBUG_INFORMATION_FORMAT = "dwarf-with-dsym";
				ENABLE_NS_ASSERTIONS = NO;
				ENABLE_STRICT_OBJC_MSGSEND = YES;
				ENABLE_USER_SCRIPT_SANDBOXING = YES;
				GCC_C_LANGUAGE_STANDARD = gnu17;
				GCC_NO_COMMON_BLOCKS = YES;
				GCC_WARN_64_TO_32_BIT_CONVERSION = YES;
				GCC_WARN_ABOUT_RETURN_TYPE = YES_ERROR;
				GCC_WARN_UNDECLARED_SELECTOR = YES;
				GCC_WARN_UNINITIALIZED_AUTOS = YES_AGGRESSIVE;
				GCC_WARN_UNUSED_FUNCTION = YES;
				GCC_WARN_UNUSED_VARIABLE = YES;
				IPHONEOS_DEPLOYMENT_TARGET = 17.2;
				LOCALIZATION_PREFERS_STRING_CATALOGS = YES;
				MTL_ENABLE_DEBUG_INFO = NO;
				MTL_FAST_MATH = YES;
				SDKROOT = iphoneos;
				SWIFT_COMPILATION_MODE = wholemodule;
				VALIDATE_PRODUCT = YES;
			};
			name = Release;
		};
		0F1001FD2B6CA47F0050906E /* Debug */ = {
			isa = XCBuildConfiguration;
			buildSettings = {
				ASSETCATALOG_COMPILER_APPICON_NAME = AppIcon;
				ASSETCATALOG_COMPILER_GLOBAL_ACCENT_COLOR_NAME = AccentColor;
				CODE_SIGN_STYLE = Automatic;
				CURRENT_PROJECT_VERSION = 1;
				DEVELOPMENT_ASSET_PATHS = "\"iOS App Dev Keeme/Preview Content\"";
				DEVELOPMENT_TEAM = 7QKQ8LV932;
				ENABLE_PREVIEWS = YES;
				GENERATE_INFOPLIST_FILE = YES;
				INFOPLIST_KEY_UIApplicationSceneManifest_Generation = YES;
				INFOPLIST_KEY_UIApplicationSupportsIndirectInputEvents = YES;
				INFOPLIST_KEY_UILaunchScreen_Generation = YES;
				INFOPLIST_KEY_UISupportedInterfaceOrientations_iPad = "UIInterfaceOrientationPortrait UIInterfaceOrientationPortraitUpsideDown UIInterfaceOrientationLandscapeLeft UIInterfaceOrientationLandscapeRight";
				INFOPLIST_KEY_UISupportedInterfaceOrientations_iPhone = "UIInterfaceOrientationPortrait UIInterfaceOrientationLandscapeLeft UIInterfaceOrientationLandscapeRight";
				LD_RUNPATH_SEARCH_PATHS = (
					"$(inherited)",
					"@executable_path/Frameworks",
				);
				MARKETING_VERSION = 1.0;
				PRODUCT_BUNDLE_IDENTIFIER = "kk4563-srmist.edu.in.iOS-App-Dev-Keeme";
				PRODUCT_NAME = "$(TARGET_NAME)";
				SWIFT_EMIT_LOC_STRINGS = YES;
				SWIFT_VERSION = 5.0;
				TARGETED_DEVICE_FAMILY = "1,2";
			};
			name = Debug;
		};
		0F1001FE2B6CA47F0050906E /* Release */ = {
			isa = XCBuildConfiguration;
			buildSettings = {
				ASSETCATALOG_COMPILER_APPICON_NAME = AppIcon;
				ASSETCATALOG_COMPILER_GLOBAL_ACCENT_COLOR_NAME = AccentColor;
				CODE_SIGN_STYLE = Automatic;
				CURRENT_PROJECT_VERSION = 1;
				DEVELOPMENT_ASSET_PATHS = "\"iOS App Dev Keeme/Preview Content\"";
				DEVELOPMENT_TEAM = 7QKQ8LV932;
				ENABLE_PREVIEWS = YES;
				GENERATE_INFOPLIST_FILE = YES;
				INFOPLIST_KEY_UIApplicationSceneManifest_Generation = YES;
				INFOPLIST_KEY_UIApplicationSupportsIndirectInputEvents = YES;
				INFOPLIST_KEY_UILaunchScreen_Generation = YES;
				INFOPLIST_KEY_UISupportedInterfaceOrientations_iPad = "UIInterfaceOrientationPortrait UIInterfaceOrientationPortraitUpsideDown UIInterfaceOrientationLandscapeLeft UIInterfaceOrientationLandscapeRight";
				INFOPLIST_KEY_UISupportedInterfaceOrientations_iPhone = "UIInterfaceOrientationPortrait UIInterfaceOrientationLandscapeLeft UIInterfaceOrientationLandscapeRight";
				LD_RUNPATH_SEARCH_PATHS = (
					"$(inherited)",
					"@executable_path/Frameworks",
				);
				MARKETING_VERSION = 1.0;
				PRODUCT_BUNDLE_IDENTIFIER = "kk4563-srmist.edu.in.iOS-App-Dev-Keeme";
				PRODUCT_NAME = "$(TARGET_NAME)";
				SWIFT_EMIT_LOC_STRINGS = YES;
				SWIFT_VERSION = 5.0;
				TARGETED_DEVICE_FAMILY = "1,2";
			};
			name = Release;
		};
/* End XCBuildConfiguration section */

/* Begin XCConfigurationList section */
		0F1001E92B6CA47E0050906E /* Build configuration list for PBXProject "iOS App Dev Keeme" */ = {
			isa = XCConfigurationList;
			buildConfigurations = (
				0F1001FA2B6CA47F0050906E /* Debug */,
				0F1001FB2B6CA47F0050906E /* Release */,
			);
			defaultConfigurationIsVisible = 0;
			defaultConfigurationName = Release;
		};
		0F1001FC2B6CA47F0050906E /* Build configuration list for PBXNativeTarget "iOS App Dev Keeme" */ = {
			isa = XCConfigurationList;
			buildConfigurations = (
				0F1001FD2B6CA47F0050906E /* Debug */,
				0F1001FE2B6CA47F0050906E /* Release */,
			);
			defaultConfigurationIsVisible = 0;
			defaultConfigurationName = Release;
		};
/* End XCConfigurationList section */

/* Begin XCRemoteSwiftPackageReference section */
		0F1002382B6CA9AF0050906E /* XCRemoteSwiftPackageReference "SwiftUI-Introspect" */ = {
			isa = XCRemoteSwiftPackageReference;
			repositoryURL = "https://github.com/siteline/SwiftUI-Introspect";
			requirement = {
				kind = upToNextMajorVersion;
				minimumVersion = 1.1.2;
			};
		};
/* End XCRemoteSwiftPackageReference section */

/* Begin XCSwiftPackageProductDependency section */
		0F1002392B6CA9AF0050906E /* SwiftUIIntrospect */ = {
			isa = XCSwiftPackageProductDependency;
			package = 0F1002382B6CA9AF0050906E /* XCRemoteSwiftPackageReference "SwiftUI-Introspect" */;
			productName = SwiftUIIntrospect;
		};
		0F10023B2B6CA9AF0050906E /* SwiftUIIntrospect-Dynamic */ = {
			isa = XCSwiftPackageProductDependency;
			package = 0F1002382B6CA9AF0050906E /* XCRemoteSwiftPackageReference "SwiftUI-Introspect" */;
			productName = "SwiftUIIntrospect-Dynamic";
		};
		0F10023D2B6CA9AF0050906E /* SwiftUIIntrospect-Static */ = {
			isa = XCSwiftPackageProductDependency;
			package = 0F1002382B6CA9AF0050906E /* XCRemoteSwiftPackageReference "SwiftUI-Introspect" */;
			productName = "SwiftUIIntrospect-Static";
		};
/* End XCSwiftPackageProductDependency section */
	};
	rootObject = 0F1001E62B6CA47E0050906E /* Project object */;
}
